// !$*UTF8*$!
{
	archiveVersion = 1;
	classes = {
	};
	objectVersion = 63;
	objects = {

/* Begin PBXBuildFile section */
		B90AE45A2E74580C00905097 /* kolkalk Watch App.app in Embed Watch Content */ = {isa = PBXBuildFile; fileRef = B98B3D6B2CAC176600EE7D92 /* kolkalk Watch App.app */; settings = {ATTRIBUTES = (RemoveHeadersOnCopy, ); }; };
		B91B19252D9C5E55003337D4 /* SettingsView.swift in Sources */ = {isa = PBXBuildFile; fileRef = B91B19242D9C5E55003337D4 /* SettingsView.swift */; };
		B91B192C2D9C68F8003337D4 /* CloudKitFoodDataStore.swift in Sources */ = {isa = PBXBuildFile; fileRef = B91B192B2D9C68F8003337D4 /* CloudKitFoodDataStore.swift */; };
		B91B192D2D9C68F8003337D4 /* CloudKitFoodDataStore.swift in Sources */ = {isa = PBXBuildFile; fileRef = B91B192B2D9C68F8003337D4 /* CloudKitFoodDataStore.swift */; };
		B91B192E2D9C68F8003337D4 /* CloudKitFoodDataStore.swift in Sources */ = {isa = PBXBuildFile; fileRef = B91B192B2D9C68F8003337D4 /* CloudKitFoodDataStore.swift */; };
		B91B19302D9C69D7003337D4 /* FoodData.swift in Sources */ = {isa = PBXBuildFile; fileRef = B91B192F2D9C69D7003337D4 /* FoodData.swift */; };
		B91B19322D9C69F4003337D4 /* IOSFoodListView.swift in Sources */ = {isa = PBXBuildFile; fileRef = B91B19312D9C69F4003337D4 /* IOSFoodListView.swift */; };
		B91B19342D9C6A00003337D4 /* IOSAddEditFoodItemView.swift in Sources */ = {isa = PBXBuildFile; fileRef = B91B19332D9C6A00003337D4 /* IOSAddEditFoodItemView.swift */; };
		B91B19362D9C6AC5003337D4 /* AppDelegate.swift in Sources */ = {isa = PBXBuildFile; fileRef = B91B19352D9C6AC5003337D4 /* AppDelegate.swift */; };
		B91B19382D9C6B17003337D4 /* ExtensionDelegate.swift in Sources */ = {isa = PBXBuildFile; fileRef = B91B19372D9C6B17003337D4 /* ExtensionDelegate.swift */; };
		B94532F72D9F0C9000DAE564 /* CreateNewFoodItemView.swift in Sources */ = {isa = PBXBuildFile; fileRef = B94532F62D9F0C9000DAE564 /* CreateNewFoodItemView.swift */; };
		B960858A2D9D36FE00294BC9 /* CloudKitContainerDataStore.swift in Sources */ = {isa = PBXBuildFile; fileRef = B96085892D9D36FE00294BC9 /* CloudKitContainerDataStore.swift */; };
		B960858B2D9D36FE00294BC9 /* CloudKitContainerDataStore.swift in Sources */ = {isa = PBXBuildFile; fileRef = B96085892D9D36FE00294BC9 /* CloudKitContainerDataStore.swift */; };
		B960858C2D9D36FE00294BC9 /* CloudKitContainerDataStore.swift in Sources */ = {isa = PBXBuildFile; fileRef = B96085892D9D36FE00294BC9 /* CloudKitContainerDataStore.swift */; };
		B97C749D2CB7D26E0073AC17 /* WidgetKit.framework in Frameworks */ = {isa = PBXBuildFile; fileRef = B97C749C2CB7D26E0073AC17 /* WidgetKit.framework */; };
		B97C749F2CB7D26E0073AC17 /* SwiftUI.framework in Frameworks */ = {isa = PBXBuildFile; fileRef = B97C749E2CB7D26E0073AC17 /* SwiftUI.framework */; };
		B97C74AA2CB7D26F0073AC17 /* komplikation.appex in Embed Foundation Extensions */ = {isa = PBXBuildFile; fileRef = B97C749B2CB7D26E0073AC17 /* komplikation.appex */; settings = {ATTRIBUTES = (RemoveHeadersOnCopy, ); }; };
		B97E03FF2CAC84D100450835 /* WatchConnectivity.framework in Frameworks */ = {isa = PBXBuildFile; fileRef = B97E03FE2CAC84D100450835 /* WatchConnectivity.framework */; };
		B97FFDF32D88650500DD4DB6 /* Container.swift in Sources */ = {isa = PBXBuildFile; fileRef = B97FFDE32D88650500DD4DB6 /* Container.swift */; };
		B97FFDF42D88650500DD4DB6 /* FoodItem.swift in Sources */ = {isa = PBXBuildFile; fileRef = B97FFDE42D88650500DD4DB6 /* FoodItem.swift */; };
		B97FFDF52D88650500DD4DB6 /* HealthKitManager.swift in Sources */ = {isa = PBXBuildFile; fileRef = B97FFDE52D88650500DD4DB6 /* HealthKitManager.swift */; };
		B97FFDF62D88650500DD4DB6 /* AddEditContainerView.swift in Sources */ = {isa = PBXBuildFile; fileRef = B97FFDE72D88650500DD4DB6 /* AddEditContainerView.swift */; };
		B97FFDF72D88650500DD4DB6 /* ContainerData.swift in Sources */ = {isa = PBXBuildFile; fileRef = B97FFDEA2D88650500DD4DB6 /* ContainerData.swift */; };
		B97FFDF82D88650500DD4DB6 /* ContainerListView.swift in Sources */ = {isa = PBXBuildFile; fileRef = B97FFDEB2D88650500DD4DB6 /* ContainerListView.swift */; };
		B97FFDF92D88650500DD4DB6 /* ContentView.swift in Sources */ = {isa = PBXBuildFile; fileRef = B97FFDEC2D88650500DD4DB6 /* ContentView.swift */; };
		B97FFDFA2D88650500DD4DB6 /* ImagePicker.swift in Sources */ = {isa = PBXBuildFile; fileRef = B97FFDED2D88650500DD4DB6 /* ImagePicker.swift */; };
		B97FFDFB2D88650500DD4DB6 /* KolkalkApp.swift in Sources */ = {isa = PBXBuildFile; fileRef = B97FFDF02D88650500DD4DB6 /* KolkalkApp.swift */; };
		B97FFDFC2D88650500DD4DB6 /* ViewModel.swift in Sources */ = {isa = PBXBuildFile; fileRef = B97FFDF12D88650500DD4DB6 /* ViewModel.swift */; };
		B97FFDFD2D88650500DD4DB6 /* Preview Assets.xcassets in Resources */ = {isa = PBXBuildFile; fileRef = B97FFDE12D88650500DD4DB6 /* Preview Assets.xcassets */; };
		B97FFDFE2D88650500DD4DB6 /* Assets.xcassets in Resources */ = {isa = PBXBuildFile; fileRef = B97FFDE82D88650500DD4DB6 /* Assets.xcassets */; };
		B97FFE022D88650500DD4DB6 /* FoodItem.swift in Sources */ = {isa = PBXBuildFile; fileRef = B97FFDE42D88650500DD4DB6 /* FoodItem.swift */; };
		B97FFE032D88650500DD4DB6 /* HealthKitManager.swift in Sources */ = {isa = PBXBuildFile; fileRef = B97FFDE52D88650500DD4DB6 /* HealthKitManager.swift */; };
		B97FFE042D88650500DD4DB6 /* Container.swift in Sources */ = {isa = PBXBuildFile; fileRef = B97FFDE32D88650500DD4DB6 /* Container.swift */; };
		B97FFE052D88650500DD4DB6 /* FoodItem.swift in Sources */ = {isa = PBXBuildFile; fileRef = B97FFDE42D88650500DD4DB6 /* FoodItem.swift */; };
		B97FFE062D88650500DD4DB6 /* HealthKitManager.swift in Sources */ = {isa = PBXBuildFile; fileRef = B97FFDE52D88650500DD4DB6 /* HealthKitManager.swift */; };
		B97FFE072D88650500DD4DB6 /* Container.swift in Sources */ = {isa = PBXBuildFile; fileRef = B97FFDE32D88650500DD4DB6 /* Container.swift */; };
		B97FFE102D88650500DD4DB6 /* Assets.xcassets in Resources */ = {isa = PBXBuildFile; fileRef = B97FFE0A2D88650500DD4DB6 /* Assets.xcassets */; };
		B97FFE122D88650500DD4DB6 /* AppIntent.swift in Sources */ = {isa = PBXBuildFile; fileRef = B97FFE092D88650500DD4DB6 /* AppIntent.swift */; };
		B97FFE132D88650500DD4DB6 /* komplikation.swift in Sources */ = {isa = PBXBuildFile; fileRef = B97FFE0D2D88650500DD4DB6 /* komplikation.swift */; };
		B97FFE332D88650500DD4DB6 /* Preview Assets.xcassets in Resources */ = {isa = PBXBuildFile; fileRef = B97FFE142D88650500DD4DB6 /* Preview Assets.xcassets */; };
		B97FFE342D88650500DD4DB6 /* Assets.xcassets in Resources */ = {isa = PBXBuildFile; fileRef = B97FFE162D88650500DD4DB6 /* Assets.xcassets */; };
		B97FFE382D88650500DD4DB6 /* CalculatorView.swift in Sources */ = {isa = PBXBuildFile; fileRef = B97FFE172D88650500DD4DB6 /* CalculatorView.swift */; };
		B97FFE392D88650500DD4DB6 /* ChooseContainerView.swift in Sources */ = {isa = PBXBuildFile; fileRef = B97FFE182D88650500DD4DB6 /* ChooseContainerView.swift */; };
		B97FFE3A2D88650500DD4DB6 /* ContentView.swift in Sources */ = {isa = PBXBuildFile; fileRef = B97FFE1A2D88650500DD4DB6 /* ContentView.swift */; };
		B97FFE3B2D88650500DD4DB6 /* CreateFoodFromPlateView.swift in Sources */ = {isa = PBXBuildFile; fileRef = B97FFE1B2D88650500DD4DB6 /* CreateFoodFromPlateView.swift */; };
		B97FFE3D2D88650500DD4DB6 /* EditFoodItemView.swift in Sources */ = {isa = PBXBuildFile; fileRef = B97FFE1D2D88650500DD4DB6 /* EditFoodItemView.swift */; };
		B97FFE3E2D88650500DD4DB6 /* EditFoodView.swift in Sources */ = {isa = PBXBuildFile; fileRef = B97FFE1E2D88650500DD4DB6 /* EditFoodView.swift */; };
		B97FFE3F2D88650500DD4DB6 /* FoodData.swift in Sources */ = {isa = PBXBuildFile; fileRef = B97FFE1F2D88650500DD4DB6 /* FoodData.swift */; };
		B97FFE402D88650500DD4DB6 /* FoodDetailView.swift in Sources */ = {isa = PBXBuildFile; fileRef = B97FFE202D88650500DD4DB6 /* FoodDetailView.swift */; };
		B97FFE412D88650500DD4DB6 /* FoodListView.swift in Sources */ = {isa = PBXBuildFile; fileRef = B97FFE212D88650500DD4DB6 /* FoodListView.swift */; };
		B97FFE422D88650500DD4DB6 /* ImportInstructionsView.swift in Sources */ = {isa = PBXBuildFile; fileRef = B97FFE222D88650500DD4DB6 /* ImportInstructionsView.swift */; };
		B97FFE452D88650500DD4DB6 /* InsulinLoggingView.swift in Sources */ = {isa = PBXBuildFile; fileRef = B97FFE262D88650500DD4DB6 /* InsulinLoggingView.swift */; };
		B97FFE472D88650500DD4DB6 /* kolkalkApp.swift in Sources */ = {isa = PBXBuildFile; fileRef = B97FFE292D88650500DD4DB6 /* kolkalkApp.swift */; };
		B97FFE482D88650500DD4DB6 /* NumpadView.swift in Sources */ = {isa = PBXBuildFile; fileRef = B97FFE2A2D88650500DD4DB6 /* NumpadView.swift */; };
		B97FFE492D88650500DD4DB6 /* Plateklassen.swift in Sources */ = {isa = PBXBuildFile; fileRef = B97FFE2B2D88650500DD4DB6 /* Plateklassen.swift */; };
		B97FFE4A2D88650500DD4DB6 /* PlateView.swift in Sources */ = {isa = PBXBuildFile; fileRef = B97FFE2C2D88650500DD4DB6 /* PlateView.swift */; };
		B97FFE4B2D88650500DD4DB6 /* SharedViews.swift in Sources */ = {isa = PBXBuildFile; fileRef = B97FFE2D2D88650500DD4DB6 /* SharedViews.swift */; };
		B97FFE4E2D88650500DD4DB6 /* WatchContainerData.swift in Sources */ = {isa = PBXBuildFile; fileRef = B97FFE302D88650500DD4DB6 /* WatchContainerData.swift */; };
		B97FFE4F2D88650500DD4DB6 /* WatchViewModel.swift in Sources */ = {isa = PBXBuildFile; fileRef = B97FFE312D88650500DD4DB6 /* WatchViewModel.swift */; };
		B97FFE502D88650500DD4DB6 /* Plateklassen.swift in Sources */ = {isa = PBXBuildFile; fileRef = B97FFE2B2D88650500DD4DB6 /* Plateklassen.swift */; };
		B97FFE532D88650500DD4DB6 /* kolkalk_Watch_AppTests.swift in Sources */ = {isa = PBXBuildFile; fileRef = B97FFE512D88650500DD4DB6 /* kolkalk_Watch_AppTests.swift */; };
		B97FFE572D88650500DD4DB6 /* KolkalkUITests.swift in Sources */ = {isa = PBXBuildFile; fileRef = B97FFE542D88650500DD4DB6 /* KolkalkUITests.swift */; };
		B97FFE582D88650500DD4DB6 /* KolkalkUITestsLaunchTests.swift in Sources */ = {isa = PBXBuildFile; fileRef = B97FFE552D88650500DD4DB6 /* KolkalkUITestsLaunchTests.swift */; };
		B97FFE5C2D88650500DD4DB6 /* kolkalk_Watch_AppUITests.swift in Sources */ = {isa = PBXBuildFile; fileRef = B97FFE592D88650500DD4DB6 /* kolkalk_Watch_AppUITests.swift */; };
		B97FFE5D2D88650500DD4DB6 /* kolkalk_Watch_AppUITestsLaunchTests.swift in Sources */ = {isa = PBXBuildFile; fileRef = B97FFE5A2D88650500DD4DB6 /* kolkalk_Watch_AppUITestsLaunchTests.swift */; };
		B97FFE602D88650500DD4DB6 /* KolkalkTests.swift in Sources */ = {isa = PBXBuildFile; fileRef = B97FFE5E2D88650500DD4DB6 /* KolkalkTests.swift */; };
/* End PBXBuildFile section */

/* Begin PBXContainerItemProxy section */
		B97C74A82CB7D26F0073AC17 /* PBXContainerItemProxy */ = {
			isa = PBXContainerItemProxy;
			containerPortal = B98B3D312CAC170200EE7D92 /* Project object */;
			proxyType = 1;
			remoteGlobalIDString = B97C749A2CB7D26E0073AC17;
			remoteInfo = komplikationExtension;
		};
		B98B3D4B2CAC170300EE7D92 /* PBXContainerItemProxy */ = {
			isa = PBXContainerItemProxy;
			containerPortal = B98B3D312CAC170200EE7D92 /* Project object */;
			proxyType = 1;
			remoteGlobalIDString = B98B3D382CAC170200EE7D92;
			remoteInfo = Kolkalk;
		};
		B98B3D552CAC170300EE7D92 /* PBXContainerItemProxy */ = {
			isa = PBXContainerItemProxy;
			containerPortal = B98B3D312CAC170200EE7D92 /* Project object */;
			proxyType = 1;
			remoteGlobalIDString = B98B3D382CAC170200EE7D92;
			remoteInfo = Kolkalk;
		};
		B98B3D7B2CAC176700EE7D92 /* PBXContainerItemProxy */ = {
			isa = PBXContainerItemProxy;
			containerPortal = B98B3D312CAC170200EE7D92 /* Project object */;
			proxyType = 1;
			remoteGlobalIDString = B98B3D6A2CAC176600EE7D92;
			remoteInfo = "kolkalk Watch App";
		};
		B98B3D852CAC176700EE7D92 /* PBXContainerItemProxy */ = {
			isa = PBXContainerItemProxy;
			containerPortal = B98B3D312CAC170200EE7D92 /* Project object */;
			proxyType = 1;
			remoteGlobalIDString = B98B3D6A2CAC176600EE7D92;
			remoteInfo = "kolkalk Watch App";
		};
		B9D999602E75FF0B00AAC5B4 /* PBXContainerItemProxy */ = {
			isa = PBXContainerItemProxy;
			containerPortal = B98B3D312CAC170200EE7D92 /* Project object */;
			proxyType = 1;
			remoteGlobalIDString = B98B3D6A2CAC176600EE7D92;
			remoteInfo = "kolkalk Watch App";
		};
/* End PBXContainerItemProxy section */

/* Begin PBXCopyFilesBuildPhase section */
		B97C74AF2CB7D26F0073AC17 /* Embed Foundation Extensions */ = {
			isa = PBXCopyFilesBuildPhase;
			buildActionMask = 2147483647;
			dstPath = "";
			dstSubfolderSpec = 13;
			files = (
				B97C74AA2CB7D26F0073AC17 /* komplikation.appex in Embed Foundation Extensions */,
			);
			name = "Embed Foundation Extensions";
			runOnlyForDeploymentPostprocessing = 0;
		};
		B98B3D922CAC176700EE7D92 /* Embed Watch Content */ = {
			isa = PBXCopyFilesBuildPhase;
			buildActionMask = 2147483647;
			dstPath = "$(CONTENTS_FOLDER_PATH)/Watch";
			dstSubfolderSpec = 16;
			files = (
				B90AE45A2E74580C00905097 /* kolkalk Watch App.app in Embed Watch Content */,
			);
			name = "Embed Watch Content";
			runOnlyForDeploymentPostprocessing = 0;
		};
/* End PBXCopyFilesBuildPhase section */

/* Begin PBXFileReference section */
		B91B19242D9C5E55003337D4 /* SettingsView.swift */ = {isa = PBXFileReference; lastKnownFileType = sourcecode.swift; path = SettingsView.swift; sourceTree = "<group>"; };
		B91B19262D9C6468003337D4 /* CloudKit.framework */ = {isa = PBXFileReference; lastKnownFileType = wrapper.framework; name = CloudKit.framework; path = Platforms/WatchOS.platform/Developer/SDKs/WatchOS11.2.sdk/System/Library/Frameworks/CloudKit.framework; sourceTree = DEVELOPER_DIR; };
		B91B19282D9C6475003337D4 /* CloudKit.framework */ = {isa = PBXFileReference; lastKnownFileType = wrapper.framework; name = CloudKit.framework; path = Platforms/iPhoneOS.platform/Developer/SDKs/iPhoneOS18.2.sdk/System/Library/Frameworks/CloudKit.framework; sourceTree = DEVELOPER_DIR; };
		B91B192A2D9C686C003337D4 /* Info.plist */ = {isa = PBXFileReference; explicitFileType = text; name = Info.plist; path = "kolkalk Watch App/Info.plist"; sourceTree = SOURCE_ROOT; };
		B91B192B2D9C68F8003337D4 /* CloudKitFoodDataStore.swift */ = {isa = PBXFileReference; lastKnownFileType = sourcecode.swift; path = CloudKitFoodDataStore.swift; sourceTree = "<group>"; };
		B91B192F2D9C69D7003337D4 /* FoodData.swift */ = {isa = PBXFileReference; lastKnownFileType = sourcecode.swift; path = FoodData.swift; sourceTree = "<group>"; };
		B91B19312D9C69F4003337D4 /* IOSFoodListView.swift */ = {isa = PBXFileReference; lastKnownFileType = sourcecode.swift; path = IOSFoodListView.swift; sourceTree = "<group>"; };
		B91B19332D9C6A00003337D4 /* IOSAddEditFoodItemView.swift */ = {isa = PBXFileReference; lastKnownFileType = sourcecode.swift; path = IOSAddEditFoodItemView.swift; sourceTree = "<group>"; };
		B91B19352D9C6AC5003337D4 /* AppDelegate.swift */ = {isa = PBXFileReference; lastKnownFileType = sourcecode.swift; path = AppDelegate.swift; sourceTree = "<group>"; };
		B91B19372D9C6B17003337D4 /* ExtensionDelegate.swift */ = {isa = PBXFileReference; lastKnownFileType = sourcecode.swift; path = ExtensionDelegate.swift; sourceTree = "<group>"; };
		B94532F62D9F0C9000DAE564 /* CreateNewFoodItemView.swift */ = {isa = PBXFileReference; lastKnownFileType = sourcecode.swift; path = CreateNewFoodItemView.swift; sourceTree = "<group>"; };
		B96085892D9D36FE00294BC9 /* CloudKitContainerDataStore.swift */ = {isa = PBXFileReference; lastKnownFileType = sourcecode.swift; path = CloudKitContainerDataStore.swift; sourceTree = "<group>"; };
		B97C749B2CB7D26E0073AC17 /* komplikation.appex */ = {isa = PBXFileReference; explicitFileType = "wrapper.app-extension"; includeInIndex = 0; path = komplikation.appex; sourceTree = BUILT_PRODUCTS_DIR; };
		B97C749C2CB7D26E0073AC17 /* WidgetKit.framework */ = {isa = PBXFileReference; lastKnownFileType = wrapper.framework; name = WidgetKit.framework; path = System/Library/Frameworks/WidgetKit.framework; sourceTree = SDKROOT; };
		B97C749E2CB7D26E0073AC17 /* SwiftUI.framework */ = {isa = PBXFileReference; lastKnownFileType = wrapper.framework; name = SwiftUI.framework; path = System/Library/Frameworks/SwiftUI.framework; sourceTree = SDKROOT; };
		B97C74BD2CB7F2DB0073AC17 /* komplikationExtension.entitlements */ = {isa = PBXFileReference; explicitFileType = text; path = komplikationExtension.entitlements; sourceTree = "<group>"; };
		B97E03FE2CAC84D100450835 /* WatchConnectivity.framework */ = {isa = PBXFileReference; lastKnownFileType = wrapper.framework; name = WatchConnectivity.framework; path = Platforms/WatchOS.platform/Developer/SDKs/WatchOS11.0.sdk/System/Library/Frameworks/WatchConnectivity.framework; sourceTree = DEVELOPER_DIR; };
		B97FFDE12D88650500DD4DB6 /* Preview Assets.xcassets */ = {isa = PBXFileReference; lastKnownFileType = folder.assetcatalog; path = "Preview Assets.xcassets"; sourceTree = "<group>"; };
		B97FFDE32D88650500DD4DB6 /* Container.swift */ = {isa = PBXFileReference; lastKnownFileType = sourcecode.swift; path = Container.swift; sourceTree = "<group>"; };
		B97FFDE42D88650500DD4DB6 /* FoodItem.swift */ = {isa = PBXFileReference; lastKnownFileType = sourcecode.swift; path = FoodItem.swift; sourceTree = "<group>"; };
		B97FFDE52D88650500DD4DB6 /* HealthKitManager.swift */ = {isa = PBXFileReference; lastKnownFileType = sourcecode.swift; path = HealthKitManager.swift; sourceTree = "<group>"; };
		B97FFDE72D88650500DD4DB6 /* AddEditContainerView.swift */ = {isa = PBXFileReference; lastKnownFileType = sourcecode.swift; path = AddEditContainerView.swift; sourceTree = "<group>"; };
		B97FFDE82D88650500DD4DB6 /* Assets.xcassets */ = {isa = PBXFileReference; lastKnownFileType = folder.assetcatalog; path = Assets.xcassets; sourceTree = "<group>"; };
		B97FFDEA2D88650500DD4DB6 /* ContainerData.swift */ = {isa = PBXFileReference; lastKnownFileType = sourcecode.swift; path = ContainerData.swift; sourceTree = "<group>"; };
		B97FFDEB2D88650500DD4DB6 /* ContainerListView.swift */ = {isa = PBXFileReference; lastKnownFileType = sourcecode.swift; path = ContainerListView.swift; sourceTree = "<group>"; };
		B97FFDEC2D88650500DD4DB6 /* ContentView.swift */ = {isa = PBXFileReference; lastKnownFileType = sourcecode.swift; path = ContentView.swift; sourceTree = "<group>"; };
		B97FFDED2D88650500DD4DB6 /* ImagePicker.swift */ = {isa = PBXFileReference; lastKnownFileType = sourcecode.swift; path = ImagePicker.swift; sourceTree = "<group>"; };
		B97FFDEE2D88650500DD4DB6 /* Info.plist */ = {isa = PBXFileReference; explicitFileType = text; path = Info.plist; sourceTree = "<group>"; };
		B97FFDEF2D88650500DD4DB6 /* Kolkalk.entitlements */ = {isa = PBXFileReference; explicitFileType = text; path = Kolkalk.entitlements; sourceTree = "<group>"; };
		B97FFDF02D88650500DD4DB6 /* KolkalkApp.swift */ = {isa = PBXFileReference; lastKnownFileType = sourcecode.swift; path = KolkalkApp.swift; sourceTree = "<group>"; };
		B97FFDF12D88650500DD4DB6 /* ViewModel.swift */ = {isa = PBXFileReference; lastKnownFileType = sourcecode.swift; path = ViewModel.swift; sourceTree = "<group>"; };
		B97FFE092D88650500DD4DB6 /* AppIntent.swift */ = {isa = PBXFileReference; lastKnownFileType = sourcecode.swift; path = AppIntent.swift; sourceTree = "<group>"; };
		B97FFE0A2D88650500DD4DB6 /* Assets.xcassets */ = {isa = PBXFileReference; lastKnownFileType = folder.assetcatalog; path = Assets.xcassets; sourceTree = "<group>"; };
		B97FFE0B2D88650500DD4DB6 /* Info.plist */ = {isa = PBXFileReference; explicitFileType = text; path = Info.plist; sourceTree = "<group>"; };
		B97FFE0C2D88650500DD4DB6 /* komplikation.entitlements */ = {isa = PBXFileReference; lastKnownFileType = text.plist.entitlements; path = komplikation.entitlements; sourceTree = "<group>"; };
		B97FFE0D2D88650500DD4DB6 /* komplikation.swift */ = {isa = PBXFileReference; lastKnownFileType = sourcecode.swift; path = komplikation.swift; sourceTree = "<group>"; };
		B97FFE142D88650500DD4DB6 /* Preview Assets.xcassets */ = {isa = PBXFileReference; lastKnownFileType = folder.assetcatalog; path = "Preview Assets.xcassets"; sourceTree = "<group>"; };
		B97FFE162D88650500DD4DB6 /* Assets.xcassets */ = {isa = PBXFileReference; lastKnownFileType = folder.assetcatalog; path = Assets.xcassets; sourceTree = "<group>"; };
		B97FFE172D88650500DD4DB6 /* CalculatorView.swift */ = {isa = PBXFileReference; lastKnownFileType = sourcecode.swift; path = CalculatorView.swift; sourceTree = "<group>"; };
		B97FFE182D88650500DD4DB6 /* ChooseContainerView.swift */ = {isa = PBXFileReference; lastKnownFileType = sourcecode.swift; path = ChooseContainerView.swift; sourceTree = "<group>"; };
		B97FFE1A2D88650500DD4DB6 /* ContentView.swift */ = {isa = PBXFileReference; lastKnownFileType = sourcecode.swift; path = ContentView.swift; sourceTree = "<group>"; };
		B97FFE1B2D88650500DD4DB6 /* CreateFoodFromPlateView.swift */ = {isa = PBXFileReference; lastKnownFileType = sourcecode.swift; path = CreateFoodFromPlateView.swift; sourceTree = "<group>"; };
		B97FFE1D2D88650500DD4DB6 /* EditFoodItemView.swift */ = {isa = PBXFileReference; lastKnownFileType = sourcecode.swift; path = EditFoodItemView.swift; sourceTree = "<group>"; };
		B97FFE1E2D88650500DD4DB6 /* EditFoodView.swift */ = {isa = PBXFileReference; lastKnownFileType = sourcecode.swift; path = EditFoodView.swift; sourceTree = "<group>"; };
		B97FFE1F2D88650500DD4DB6 /* FoodData.swift */ = {isa = PBXFileReference; lastKnownFileType = sourcecode.swift; path = FoodData.swift; sourceTree = "<group>"; };
		B97FFE202D88650500DD4DB6 /* FoodDetailView.swift */ = {isa = PBXFileReference; lastKnownFileType = sourcecode.swift; path = FoodDetailView.swift; sourceTree = "<group>"; };
		B97FFE212D88650500DD4DB6 /* FoodListView.swift */ = {isa = PBXFileReference; lastKnownFileType = sourcecode.swift; path = FoodListView.swift; sourceTree = "<group>"; };
		B97FFE222D88650500DD4DB6 /* ImportInstructionsView.swift */ = {isa = PBXFileReference; lastKnownFileType = sourcecode.swift; path = ImportInstructionsView.swift; sourceTree = "<group>"; };
		B97FFE262D88650500DD4DB6 /* InsulinLoggingView.swift */ = {isa = PBXFileReference; lastKnownFileType = sourcecode.swift; path = InsulinLoggingView.swift; sourceTree = "<group>"; };
		B97FFE282D88650500DD4DB6 /* kolkalk Watch App.entitlements */ = {isa = PBXFileReference; explicitFileType = text; path = "kolkalk Watch App.entitlements"; sourceTree = "<group>"; };
		B97FFE292D88650500DD4DB6 /* kolkalkApp.swift */ = {isa = PBXFileReference; lastKnownFileType = sourcecode.swift; path = kolkalkApp.swift; sourceTree = "<group>"; };
		B97FFE2A2D88650500DD4DB6 /* NumpadView.swift */ = {isa = PBXFileReference; lastKnownFileType = sourcecode.swift; path = NumpadView.swift; sourceTree = "<group>"; };
		B97FFE2B2D88650500DD4DB6 /* Plateklassen.swift */ = {isa = PBXFileReference; lastKnownFileType = sourcecode.swift; path = Plateklassen.swift; sourceTree = "<group>"; };
		B97FFE2C2D88650500DD4DB6 /* PlateView.swift */ = {isa = PBXFileReference; lastKnownFileType = sourcecode.swift; path = PlateView.swift; sourceTree = "<group>"; };
		B97FFE2D2D88650500DD4DB6 /* SharedViews.swift */ = {isa = PBXFileReference; lastKnownFileType = sourcecode.swift; path = SharedViews.swift; sourceTree = "<group>"; };
		B97FFE302D88650500DD4DB6 /* WatchContainerData.swift */ = {isa = PBXFileReference; lastKnownFileType = sourcecode.swift; path = WatchContainerData.swift; sourceTree = "<group>"; };
		B97FFE312D88650500DD4DB6 /* WatchViewModel.swift */ = {isa = PBXFileReference; lastKnownFileType = sourcecode.swift; path = WatchViewModel.swift; sourceTree = "<group>"; };
		B97FFE512D88650500DD4DB6 /* kolkalk_Watch_AppTests.swift */ = {isa = PBXFileReference; lastKnownFileType = sourcecode.swift; path = kolkalk_Watch_AppTests.swift; sourceTree = "<group>"; };
		B97FFE542D88650500DD4DB6 /* KolkalkUITests.swift */ = {isa = PBXFileReference; lastKnownFileType = sourcecode.swift; path = KolkalkUITests.swift; sourceTree = "<group>"; };
		B97FFE552D88650500DD4DB6 /* KolkalkUITestsLaunchTests.swift */ = {isa = PBXFileReference; lastKnownFileType = sourcecode.swift; path = KolkalkUITestsLaunchTests.swift; sourceTree = "<group>"; };
		B97FFE592D88650500DD4DB6 /* kolkalk_Watch_AppUITests.swift */ = {isa = PBXFileReference; lastKnownFileType = sourcecode.swift; path = kolkalk_Watch_AppUITests.swift; sourceTree = "<group>"; };
		B97FFE5A2D88650500DD4DB6 /* kolkalk_Watch_AppUITestsLaunchTests.swift */ = {isa = PBXFileReference; lastKnownFileType = sourcecode.swift; path = kolkalk_Watch_AppUITestsLaunchTests.swift; sourceTree = "<group>"; };
		B97FFE5E2D88650500DD4DB6 /* KolkalkTests.swift */ = {isa = PBXFileReference; lastKnownFileType = sourcecode.swift; path = KolkalkTests.swift; sourceTree = "<group>"; };
		B98B3D392CAC170200EE7D92 /* Kolkalk.app */ = {isa = PBXFileReference; explicitFileType = wrapper.application; includeInIndex = 0; path = Kolkalk.app; sourceTree = BUILT_PRODUCTS_DIR; };
		B98B3D4A2CAC170300EE7D92 /* KolkalkTests.xctest */ = {isa = PBXFileReference; explicitFileType = wrapper.cfbundle; includeInIndex = 0; path = KolkalkTests.xctest; sourceTree = BUILT_PRODUCTS_DIR; };
		B98B3D542CAC170300EE7D92 /* KolkalkUITests.xctest */ = {isa = PBXFileReference; explicitFileType = wrapper.cfbundle; includeInIndex = 0; path = KolkalkUITests.xctest; sourceTree = BUILT_PRODUCTS_DIR; };
		B98B3D6B2CAC176600EE7D92 /* kolkalk Watch App.app */ = {isa = PBXFileReference; explicitFileType = wrapper.application; includeInIndex = 0; path = "kolkalk Watch App.app"; sourceTree = BUILT_PRODUCTS_DIR; };
		B98B3D7A2CAC176700EE7D92 /* kolkalk Watch AppTests.xctest */ = {isa = PBXFileReference; explicitFileType = wrapper.cfbundle; includeInIndex = 0; path = "kolkalk Watch AppTests.xctest"; sourceTree = BUILT_PRODUCTS_DIR; };
		B98B3D842CAC176700EE7D92 /* kolkalk Watch AppUITests.xctest */ = {isa = PBXFileReference; explicitFileType = wrapper.cfbundle; includeInIndex = 0; path = "kolkalk Watch AppUITests.xctest"; sourceTree = BUILT_PRODUCTS_DIR; };
/* End PBXFileReference section */

/* Begin PBXFrameworksBuildPhase section */
		B97C74982CB7D26E0073AC17 /* Frameworks */ = {
			isa = PBXFrameworksBuildPhase;
			buildActionMask = 2147483647;
			files = (
				B97C749F2CB7D26E0073AC17 /* SwiftUI.framework in Frameworks */,
				B97C749D2CB7D26E0073AC17 /* WidgetKit.framework in Frameworks */,
			);
			runOnlyForDeploymentPostprocessing = 0;
		};
		B98B3D362CAC170200EE7D92 /* Frameworks */ = {
			isa = PBXFrameworksBuildPhase;
			buildActionMask = 2147483647;
			files = (
			);
			runOnlyForDeploymentPostprocessing = 0;
		};
		B98B3D472CAC170300EE7D92 /* Frameworks */ = {
			isa = PBXFrameworksBuildPhase;
			buildActionMask = 2147483647;
			files = (
			);
			runOnlyForDeploymentPostprocessing = 0;
		};
		B98B3D512CAC170300EE7D92 /* Frameworks */ = {
			isa = PBXFrameworksBuildPhase;
			buildActionMask = 2147483647;
			files = (
			);
			runOnlyForDeploymentPostprocessing = 0;
		};
		B98B3D682CAC176600EE7D92 /* Frameworks */ = {
			isa = PBXFrameworksBuildPhase;
			buildActionMask = 2147483647;
			files = (
			);
			runOnlyForDeploymentPostprocessing = 0;
		};
		B98B3D772CAC176700EE7D92 /* Frameworks */ = {
			isa = PBXFrameworksBuildPhase;
			buildActionMask = 2147483647;
			files = (
			);
			runOnlyForDeploymentPostprocessing = 0;
		};
		B98B3D812CAC176700EE7D92 /* Frameworks */ = {
			isa = PBXFrameworksBuildPhase;
			buildActionMask = 2147483647;
			files = (
				B97E03FF2CAC84D100450835 /* WatchConnectivity.framework in Frameworks */,
			);
			runOnlyForDeploymentPostprocessing = 0;
		};
/* End PBXFrameworksBuildPhase section */

/* Begin PBXGroup section */
		B97E03FD2CAC84D100450835 /* Frameworks */ = {
			isa = PBXGroup;
			children = (
				B91B19262D9C6468003337D4 /* CloudKit.framework */,
				B91B19282D9C6475003337D4 /* CloudKit.framework */,
				B97E03FE2CAC84D100450835 /* WatchConnectivity.framework */,
				B97C749C2CB7D26E0073AC17 /* WidgetKit.framework */,
				B97C749E2CB7D26E0073AC17 /* SwiftUI.framework */,
			);
			name = Frameworks;
			sourceTree = "<group>";
		};
		B97FFDE22D88650500DD4DB6 /* Preview Content */ = {
			isa = PBXGroup;
			children = (
				B97FFDE12D88650500DD4DB6 /* Preview Assets.xcassets */,
			);
			path = "Preview Content";
			sourceTree = "<group>";
		};
		B97FFDE62D88650500DD4DB6 /* Shared */ = {
			isa = PBXGroup;
			children = (
				B96085892D9D36FE00294BC9 /* CloudKitContainerDataStore.swift */,
				B91B192B2D9C68F8003337D4 /* CloudKitFoodDataStore.swift */,
				B97FFDE32D88650500DD4DB6 /* Container.swift */,
				B97FFDE42D88650500DD4DB6 /* FoodItem.swift */,
				B97FFDE52D88650500DD4DB6 /* HealthKitManager.swift */,
			);
			path = Shared;
			sourceTree = "<group>";
		};
		B97FFDF22D88650500DD4DB6 /* Kolkalk */ = {
			isa = PBXGroup;
			children = (
				B91B19352D9C6AC5003337D4 /* AppDelegate.swift */,
				B91B19332D9C6A00003337D4 /* IOSAddEditFoodItemView.swift */,
				B91B19312D9C69F4003337D4 /* IOSFoodListView.swift */,
				B91B192F2D9C69D7003337D4 /* FoodData.swift */,
				B97FFDE22D88650500DD4DB6 /* Preview Content */,
				B97FFDE62D88650500DD4DB6 /* Shared */,
				B97FFDE72D88650500DD4DB6 /* AddEditContainerView.swift */,
				B97FFDE82D88650500DD4DB6 /* Assets.xcassets */,
				B97FFDEA2D88650500DD4DB6 /* ContainerData.swift */,
				B97FFDEB2D88650500DD4DB6 /* ContainerListView.swift */,
				B97FFDEC2D88650500DD4DB6 /* ContentView.swift */,
				B97FFDED2D88650500DD4DB6 /* ImagePicker.swift */,
				B97FFDEE2D88650500DD4DB6 /* Info.plist */,
				B97FFDEF2D88650500DD4DB6 /* Kolkalk.entitlements */,
				B97FFDF02D88650500DD4DB6 /* KolkalkApp.swift */,
				B97FFDF12D88650500DD4DB6 /* ViewModel.swift */,
			);
			path = Kolkalk;
			sourceTree = "<group>";
		};
		B97FFE0E2D88650500DD4DB6 /* komplikation */ = {
			isa = PBXGroup;
			children = (
				B97FFE092D88650500DD4DB6 /* AppIntent.swift */,
				B97FFE0A2D88650500DD4DB6 /* Assets.xcassets */,
				B97FFE0B2D88650500DD4DB6 /* Info.plist */,
				B97FFE0C2D88650500DD4DB6 /* komplikation.entitlements */,
				B97FFE0D2D88650500DD4DB6 /* komplikation.swift */,
				B97C74BD2CB7F2DB0073AC17 /* komplikationExtension.entitlements */,
			);
			path = komplikation;
			sourceTree = "<group>";
		};
		B97FFE152D88650500DD4DB6 /* Preview Content */ = {
			isa = PBXGroup;
			children = (
				B97FFE142D88650500DD4DB6 /* Preview Assets.xcassets */,
			);
			path = "Preview Content";
			sourceTree = "<group>";
		};
		B97FFE322D88650500DD4DB6 /* kolkalk Watch App */ = {
			isa = PBXGroup;
			children = (
				B97FFE282D88650500DD4DB6 /* kolkalk Watch App.entitlements */,
				B94532F62D9F0C9000DAE564 /* CreateNewFoodItemView.swift */,
				B91B19372D9C6B17003337D4 /* ExtensionDelegate.swift */,
				B91B19242D9C5E55003337D4 /* SettingsView.swift */,
				B97FFE152D88650500DD4DB6 /* Preview Content */,
				B97FFE162D88650500DD4DB6 /* Assets.xcassets */,
				B97FFE172D88650500DD4DB6 /* CalculatorView.swift */,
				B97FFE182D88650500DD4DB6 /* ChooseContainerView.swift */,
				B97FFE1A2D88650500DD4DB6 /* ContentView.swift */,
				B97FFE1B2D88650500DD4DB6 /* CreateFoodFromPlateView.swift */,
				B97FFE1D2D88650500DD4DB6 /* EditFoodItemView.swift */,
				B97FFE1E2D88650500DD4DB6 /* EditFoodView.swift */,
				B97FFE1F2D88650500DD4DB6 /* FoodData.swift */,
				B97FFE202D88650500DD4DB6 /* FoodDetailView.swift */,
				B97FFE212D88650500DD4DB6 /* FoodListView.swift */,
				B97FFE222D88650500DD4DB6 /* ImportInstructionsView.swift */,
				B97FFE262D88650500DD4DB6 /* InsulinLoggingView.swift */,
				B97FFE292D88650500DD4DB6 /* kolkalkApp.swift */,
				B97FFE2A2D88650500DD4DB6 /* NumpadView.swift */,
				B97FFE2B2D88650500DD4DB6 /* Plateklassen.swift */,
				B97FFE2C2D88650500DD4DB6 /* PlateView.swift */,
				B97FFE2D2D88650500DD4DB6 /* SharedViews.swift */,
				B97FFE302D88650500DD4DB6 /* WatchContainerData.swift */,
				B97FFE312D88650500DD4DB6 /* WatchViewModel.swift */,
				B91B192A2D9C686C003337D4 /* Info.plist */,
			);
			path = "kolkalk Watch App";
			sourceTree = "<group>";
		};
		B97FFE522D88650500DD4DB6 /* kolkalk Watch AppTests */ = {
			isa = PBXGroup;
			children = (
				B97FFE512D88650500DD4DB6 /* kolkalk_Watch_AppTests.swift */,
			);
			path = "kolkalk Watch AppTests";
			sourceTree = "<group>";
		};
		B97FFE562D88650500DD4DB6 /* KolkalkUITests */ = {
			isa = PBXGroup;
			children = (
				B97FFE542D88650500DD4DB6 /* KolkalkUITests.swift */,
				B97FFE552D88650500DD4DB6 /* KolkalkUITestsLaunchTests.swift */,
			);
			path = KolkalkUITests;
			sourceTree = "<group>";
		};
		B97FFE5B2D88650500DD4DB6 /* kolkalk Watch AppUITests */ = {
			isa = PBXGroup;
			children = (
				B97FFE592D88650500DD4DB6 /* kolkalk_Watch_AppUITests.swift */,
				B97FFE5A2D88650500DD4DB6 /* kolkalk_Watch_AppUITestsLaunchTests.swift */,
			);
			path = "kolkalk Watch AppUITests";
			sourceTree = "<group>";
		};
		B97FFE5F2D88650500DD4DB6 /* KolkalkTests */ = {
			isa = PBXGroup;
			children = (
				B97FFE5E2D88650500DD4DB6 /* KolkalkTests.swift */,
			);
			path = KolkalkTests;
			sourceTree = "<group>";
		};
		B98B3D302CAC170200EE7D92 = {
			isa = PBXGroup;
			children = (
				B97FFDF22D88650500DD4DB6 /* Kolkalk */,
				B97FFE5F2D88650500DD4DB6 /* KolkalkTests */,
				B97FFE562D88650500DD4DB6 /* KolkalkUITests */,
				B97FFE322D88650500DD4DB6 /* kolkalk Watch App */,
				B97FFE522D88650500DD4DB6 /* kolkalk Watch AppTests */,
				B97FFE5B2D88650500DD4DB6 /* kolkalk Watch AppUITests */,
				B97FFE0E2D88650500DD4DB6 /* komplikation */,
				B97E03FD2CAC84D100450835 /* Frameworks */,
				B98B3D3A2CAC170200EE7D92 /* Products */,
			);
			sourceTree = "<group>";
		};
		B98B3D3A2CAC170200EE7D92 /* Products */ = {
			isa = PBXGroup;
			children = (
				B98B3D392CAC170200EE7D92 /* Kolkalk.app */,
				B98B3D4A2CAC170300EE7D92 /* KolkalkTests.xctest */,
				B98B3D542CAC170300EE7D92 /* KolkalkUITests.xctest */,
				B98B3D6B2CAC176600EE7D92 /* kolkalk Watch App.app */,
				B98B3D7A2CAC176700EE7D92 /* kolkalk Watch AppTests.xctest */,
				B98B3D842CAC176700EE7D92 /* kolkalk Watch AppUITests.xctest */,
				B97C749B2CB7D26E0073AC17 /* komplikation.appex */,
			);
			name = Products;
			sourceTree = "<group>";
		};
/* End PBXGroup section */

/* Begin PBXNativeTarget section */
		B97C749A2CB7D26E0073AC17 /* komplikationExtension */ = {
			isa = PBXNativeTarget;
			buildConfigurationList = B97C74AB2CB7D26F0073AC17 /* Build configuration list for PBXNativeTarget "komplikationExtension" */;
			buildPhases = (
				B97C74972CB7D26E0073AC17 /* Sources */,
				B97C74982CB7D26E0073AC17 /* Frameworks */,
				B97C74992CB7D26E0073AC17 /* Resources */,
			);
			buildRules = (
			);
			dependencies = (
			);
			name = komplikationExtension;
			packageProductDependencies = (
			);
			productName = komplikationExtension;
			productReference = B97C749B2CB7D26E0073AC17 /* komplikation.appex */;
			productType = "com.apple.product-type.app-extension";
		};
		B98B3D382CAC170200EE7D92 /* Kolkalk */ = {
			isa = PBXNativeTarget;
			buildConfigurationList = B98B3D5E2CAC170300EE7D92 /* Build configuration list for PBXNativeTarget "Kolkalk" */;
			buildPhases = (
				B98B3D352CAC170200EE7D92 /* Sources */,
				B98B3D372CAC170200EE7D92 /* Resources */,
				B98B3D362CAC170200EE7D92 /* Frameworks */,
				B98B3D922CAC176700EE7D92 /* Embed Watch Content */,
			);
			buildRules = (
			);
			dependencies = (
				B9D999612E75FF0B00AAC5B4 /* PBXTargetDependency */,
			);
			name = Kolkalk;
			packageProductDependencies = (
			);
			productName = Kolkalk;
			productReference = B98B3D392CAC170200EE7D92 /* Kolkalk.app */;
			productType = "com.apple.product-type.application";
		};
		B98B3D492CAC170300EE7D92 /* KolkalkTests */ = {
			isa = PBXNativeTarget;
			buildConfigurationList = B98B3D612CAC170300EE7D92 /* Build configuration list for PBXNativeTarget "KolkalkTests" */;
			buildPhases = (
				B98B3D462CAC170300EE7D92 /* Sources */,
				B98B3D472CAC170300EE7D92 /* Frameworks */,
				B98B3D482CAC170300EE7D92 /* Resources */,
			);
			buildRules = (
			);
			dependencies = (
				B98B3D4C2CAC170300EE7D92 /* PBXTargetDependency */,
			);
			name = KolkalkTests;
			packageProductDependencies = (
			);
			productName = KolkalkTests;
			productReference = B98B3D4A2CAC170300EE7D92 /* KolkalkTests.xctest */;
			productType = "com.apple.product-type.bundle.unit-test";
		};
		B98B3D532CAC170300EE7D92 /* KolkalkUITests */ = {
			isa = PBXNativeTarget;
			buildConfigurationList = B98B3D642CAC170300EE7D92 /* Build configuration list for PBXNativeTarget "KolkalkUITests" */;
			buildPhases = (
				B98B3D502CAC170300EE7D92 /* Sources */,
				B98B3D512CAC170300EE7D92 /* Frameworks */,
				B98B3D522CAC170300EE7D92 /* Resources */,
			);
			buildRules = (
			);
			dependencies = (
				B98B3D562CAC170300EE7D92 /* PBXTargetDependency */,
			);
			name = KolkalkUITests;
			packageProductDependencies = (
			);
			productName = KolkalkUITests;
			productReference = B98B3D542CAC170300EE7D92 /* KolkalkUITests.xctest */;
			productType = "com.apple.product-type.bundle.ui-testing";
		};
		B98B3D6A2CAC176600EE7D92 /* kolkalk Watch App */ = {
			isa = PBXNativeTarget;
			buildConfigurationList = B98B3D8F2CAC176700EE7D92 /* Build configuration list for PBXNativeTarget "kolkalk Watch App" */;
			buildPhases = (
				B98B3D672CAC176600EE7D92 /* Sources */,
				B98B3D682CAC176600EE7D92 /* Frameworks */,
				B98B3D692CAC176600EE7D92 /* Resources */,
				B97C74AF2CB7D26F0073AC17 /* Embed Foundation Extensions */,
			);
			buildRules = (
			);
			dependencies = (
				B97C74A92CB7D26F0073AC17 /* PBXTargetDependency */,
			);
			name = "kolkalk Watch App";
			packageProductDependencies = (
			);
			productName = "kolkalk Watch App";
			productReference = B98B3D6B2CAC176600EE7D92 /* kolkalk Watch App.app */;
			productType = "com.apple.product-type.application";
		};
		B98B3D792CAC176700EE7D92 /* kolkalk Watch AppTests */ = {
			isa = PBXNativeTarget;
			buildConfigurationList = B98B3D932CAC176700EE7D92 /* Build configuration list for PBXNativeTarget "kolkalk Watch AppTests" */;
			buildPhases = (
				B98B3D762CAC176700EE7D92 /* Sources */,
				B98B3D772CAC176700EE7D92 /* Frameworks */,
				B98B3D782CAC176700EE7D92 /* Resources */,
			);
			buildRules = (
			);
			dependencies = (
				B98B3D7C2CAC176700EE7D92 /* PBXTargetDependency */,
			);
			name = "kolkalk Watch AppTests";
			packageProductDependencies = (
			);
			productName = "kolkalk Watch AppTests";
			productReference = B98B3D7A2CAC176700EE7D92 /* kolkalk Watch AppTests.xctest */;
			productType = "com.apple.product-type.bundle.unit-test";
		};
		B98B3D832CAC176700EE7D92 /* kolkalk Watch AppUITests */ = {
			isa = PBXNativeTarget;
			buildConfigurationList = B98B3D962CAC176700EE7D92 /* Build configuration list for PBXNativeTarget "kolkalk Watch AppUITests" */;
			buildPhases = (
				B98B3D802CAC176700EE7D92 /* Sources */,
				B98B3D812CAC176700EE7D92 /* Frameworks */,
				B98B3D822CAC176700EE7D92 /* Resources */,
			);
			buildRules = (
			);
			dependencies = (
				B98B3D862CAC176700EE7D92 /* PBXTargetDependency */,
			);
			name = "kolkalk Watch AppUITests";
			packageProductDependencies = (
			);
			productName = "kolkalk Watch AppUITests";
			productReference = B98B3D842CAC176700EE7D92 /* kolkalk Watch AppUITests.xctest */;
			productType = "com.apple.product-type.bundle.ui-testing";
		};
/* End PBXNativeTarget section */

/* Begin PBXProject section */
		B98B3D312CAC170200EE7D92 /* Project object */ = {
			isa = PBXProject;
			attributes = {
				BuildIndependentTargetsInParallel = 1;
				LastSwiftUpdateCheck = 1600;
				LastUpgradeCheck = 2600;
				TargetAttributes = {
					B97C749A2CB7D26E0073AC17 = {
						CreatedOnToolsVersion = 16.0;
					};
					B98B3D382CAC170200EE7D92 = {
						CreatedOnToolsVersion = 16.0;
					};
					B98B3D492CAC170300EE7D92 = {
						CreatedOnToolsVersion = 16.0;
						TestTargetID = B98B3D382CAC170200EE7D92;
					};
					B98B3D532CAC170300EE7D92 = {
						CreatedOnToolsVersion = 16.0;
						TestTargetID = B98B3D382CAC170200EE7D92;
					};
					B98B3D6A2CAC176600EE7D92 = {
						CreatedOnToolsVersion = 16.0;
					};
					B98B3D792CAC176700EE7D92 = {
						CreatedOnToolsVersion = 16.0;
						TestTargetID = B98B3D6A2CAC176600EE7D92;
					};
					B98B3D832CAC176700EE7D92 = {
						CreatedOnToolsVersion = 16.0;
						TestTargetID = B98B3D6A2CAC176600EE7D92;
					};
				};
			};
			buildConfigurationList = B98B3D342CAC170200EE7D92 /* Build configuration list for PBXProject "Kolkalk" */;
			compatibilityVersion = "Xcode 14.0";
			developmentRegion = en;
			hasScannedForEncodings = 0;
			knownRegions = (
				en,
				Base,
			);
			mainGroup = B98B3D302CAC170200EE7D92;
			minimizedProjectReferenceProxies = 1;
			productRefGroup = B98B3D3A2CAC170200EE7D92 /* Products */;
			projectDirPath = "";
			projectRoot = "";
			targets = (
				B98B3D6A2CAC176600EE7D92 /* kolkalk Watch App */,
				B98B3D492CAC170300EE7D92 /* KolkalkTests */,
				B98B3D382CAC170200EE7D92 /* Kolkalk */,
				B98B3D532CAC170300EE7D92 /* KolkalkUITests */,
				B98B3D792CAC176700EE7D92 /* kolkalk Watch AppTests */,
				B98B3D832CAC176700EE7D92 /* kolkalk Watch AppUITests */,
				B97C749A2CB7D26E0073AC17 /* komplikationExtension */,
			);
		};
/* End PBXProject section */

/* Begin PBXResourcesBuildPhase section */
		B97C74992CB7D26E0073AC17 /* Resources */ = {
			isa = PBXResourcesBuildPhase;
			buildActionMask = 2147483647;
			files = (
				B97FFE102D88650500DD4DB6 /* Assets.xcassets in Resources */,
			);
			runOnlyForDeploymentPostprocessing = 0;
		};
		B98B3D372CAC170200EE7D92 /* Resources */ = {
			isa = PBXResourcesBuildPhase;
			buildActionMask = 2147483647;
			files = (
				B97FFDFD2D88650500DD4DB6 /* Preview Assets.xcassets in Resources */,
				B97FFDFE2D88650500DD4DB6 /* Assets.xcassets in Resources */,
			);
			runOnlyForDeploymentPostprocessing = 0;
		};
		B98B3D482CAC170300EE7D92 /* Resources */ = {
			isa = PBXResourcesBuildPhase;
			buildActionMask = 2147483647;
			files = (
			);
			runOnlyForDeploymentPostprocessing = 0;
		};
		B98B3D522CAC170300EE7D92 /* Resources */ = {
			isa = PBXResourcesBuildPhase;
			buildActionMask = 2147483647;
			files = (
			);
			runOnlyForDeploymentPostprocessing = 0;
		};
		B98B3D692CAC176600EE7D92 /* Resources */ = {
			isa = PBXResourcesBuildPhase;
			buildActionMask = 2147483647;
			files = (
				B97FFE332D88650500DD4DB6 /* Preview Assets.xcassets in Resources */,
				B97FFE342D88650500DD4DB6 /* Assets.xcassets in Resources */,
			);
			runOnlyForDeploymentPostprocessing = 0;
		};
		B98B3D782CAC176700EE7D92 /* Resources */ = {
			isa = PBXResourcesBuildPhase;
			buildActionMask = 2147483647;
			files = (
			);
			runOnlyForDeploymentPostprocessing = 0;
		};
		B98B3D822CAC176700EE7D92 /* Resources */ = {
			isa = PBXResourcesBuildPhase;
			buildActionMask = 2147483647;
			files = (
			);
			runOnlyForDeploymentPostprocessing = 0;
		};
/* End PBXResourcesBuildPhase section */

/* Begin PBXSourcesBuildPhase section */
		B97C74972CB7D26E0073AC17 /* Sources */ = {
			isa = PBXSourcesBuildPhase;
			buildActionMask = 2147483647;
			files = (
				B960858B2D9D36FE00294BC9 /* CloudKitContainerDataStore.swift in Sources */,
				B97FFE052D88650500DD4DB6 /* FoodItem.swift in Sources */,
				B97FFE062D88650500DD4DB6 /* HealthKitManager.swift in Sources */,
				B97FFE122D88650500DD4DB6 /* AppIntent.swift in Sources */,
				B91B192E2D9C68F8003337D4 /* CloudKitFoodDataStore.swift in Sources */,
				B97FFE132D88650500DD4DB6 /* komplikation.swift in Sources */,
				B97FFE502D88650500DD4DB6 /* Plateklassen.swift in Sources */,
				B97FFE072D88650500DD4DB6 /* Container.swift in Sources */,
			);
			runOnlyForDeploymentPostprocessing = 0;
		};
		B98B3D352CAC170200EE7D92 /* Sources */ = {
			isa = PBXSourcesBuildPhase;
			buildActionMask = 2147483647;
			files = (
				B97FFDF32D88650500DD4DB6 /* Container.swift in Sources */,
				B97FFDF42D88650500DD4DB6 /* FoodItem.swift in Sources */,
				B91B19322D9C69F4003337D4 /* IOSFoodListView.swift in Sources */,
				B91B19362D9C6AC5003337D4 /* AppDelegate.swift in Sources */,
				B97FFDF52D88650500DD4DB6 /* HealthKitManager.swift in Sources */,
				B91B19302D9C69D7003337D4 /* FoodData.swift in Sources */,
				B97FFDF62D88650500DD4DB6 /* AddEditContainerView.swift in Sources */,
				B97FFDF72D88650500DD4DB6 /* ContainerData.swift in Sources */,
				B960858C2D9D36FE00294BC9 /* CloudKitContainerDataStore.swift in Sources */,
				B91B19342D9C6A00003337D4 /* IOSAddEditFoodItemView.swift in Sources */,
				B97FFDF82D88650500DD4DB6 /* ContainerListView.swift in Sources */,
				B97FFDF92D88650500DD4DB6 /* ContentView.swift in Sources */,
				B97FFDFA2D88650500DD4DB6 /* ImagePicker.swift in Sources */,
				B97FFDFB2D88650500DD4DB6 /* KolkalkApp.swift in Sources */,
				B91B192D2D9C68F8003337D4 /* CloudKitFoodDataStore.swift in Sources */,
				B97FFDFC2D88650500DD4DB6 /* ViewModel.swift in Sources */,
			);
			runOnlyForDeploymentPostprocessing = 0;
		};
		B98B3D462CAC170300EE7D92 /* Sources */ = {
			isa = PBXSourcesBuildPhase;
			buildActionMask = 2147483647;
			files = (
				B97FFE602D88650500DD4DB6 /* KolkalkTests.swift in Sources */,
			);
			runOnlyForDeploymentPostprocessing = 0;
		};
		B98B3D502CAC170300EE7D92 /* Sources */ = {
			isa = PBXSourcesBuildPhase;
			buildActionMask = 2147483647;
			files = (
				B97FFE572D88650500DD4DB6 /* KolkalkUITests.swift in Sources */,
				B97FFE582D88650500DD4DB6 /* KolkalkUITestsLaunchTests.swift in Sources */,
			);
			runOnlyForDeploymentPostprocessing = 0;
		};
		B98B3D672CAC176600EE7D92 /* Sources */ = {
			isa = PBXSourcesBuildPhase;
			buildActionMask = 2147483647;
			files = (
				B97FFE022D88650500DD4DB6 /* FoodItem.swift in Sources */,
				B97FFE382D88650500DD4DB6 /* CalculatorView.swift in Sources */,
				B97FFE392D88650500DD4DB6 /* ChooseContainerView.swift in Sources */,
				B91B192C2D9C68F8003337D4 /* CloudKitFoodDataStore.swift in Sources */,
				B97FFE3A2D88650500DD4DB6 /* ContentView.swift in Sources */,
				B97FFE3B2D88650500DD4DB6 /* CreateFoodFromPlateView.swift in Sources */,
				B94532F72D9F0C9000DAE564 /* CreateNewFoodItemView.swift in Sources */,
				B97FFE3D2D88650500DD4DB6 /* EditFoodItemView.swift in Sources */,
				B97FFE3E2D88650500DD4DB6 /* EditFoodView.swift in Sources */,
				B97FFE3F2D88650500DD4DB6 /* FoodData.swift in Sources */,
				B97FFE402D88650500DD4DB6 /* FoodDetailView.swift in Sources */,
				B97FFE412D88650500DD4DB6 /* FoodListView.swift in Sources */,
				B97FFE422D88650500DD4DB6 /* ImportInstructionsView.swift in Sources */,
				B97FFE452D88650500DD4DB6 /* InsulinLoggingView.swift in Sources */,
				B97FFE472D88650500DD4DB6 /* kolkalkApp.swift in Sources */,
				B960858A2D9D36FE00294BC9 /* CloudKitContainerDataStore.swift in Sources */,
				B97FFE482D88650500DD4DB6 /* NumpadView.swift in Sources */,
				B97FFE492D88650500DD4DB6 /* Plateklassen.swift in Sources */,
				B91B19382D9C6B17003337D4 /* ExtensionDelegate.swift in Sources */,
				B97FFE4A2D88650500DD4DB6 /* PlateView.swift in Sources */,
				B97FFE4B2D88650500DD4DB6 /* SharedViews.swift in Sources */,
				B91B19252D9C5E55003337D4 /* SettingsView.swift in Sources */,
				B97FFE4E2D88650500DD4DB6 /* WatchContainerData.swift in Sources */,
				B97FFE4F2D88650500DD4DB6 /* WatchViewModel.swift in Sources */,
				B97FFE032D88650500DD4DB6 /* HealthKitManager.swift in Sources */,
				B97FFE042D88650500DD4DB6 /* Container.swift in Sources */,
			);
			runOnlyForDeploymentPostprocessing = 0;
		};
		B98B3D762CAC176700EE7D92 /* Sources */ = {
			isa = PBXSourcesBuildPhase;
			buildActionMask = 2147483647;
			files = (
				B97FFE532D88650500DD4DB6 /* kolkalk_Watch_AppTests.swift in Sources */,
			);
			runOnlyForDeploymentPostprocessing = 0;
		};
		B98B3D802CAC176700EE7D92 /* Sources */ = {
			isa = PBXSourcesBuildPhase;
			buildActionMask = 2147483647;
			files = (
				B97FFE5C2D88650500DD4DB6 /* kolkalk_Watch_AppUITests.swift in Sources */,
				B97FFE5D2D88650500DD4DB6 /* kolkalk_Watch_AppUITestsLaunchTests.swift in Sources */,
			);
			runOnlyForDeploymentPostprocessing = 0;
		};
/* End PBXSourcesBuildPhase section */

/* Begin PBXTargetDependency section */
		B97C74A92CB7D26F0073AC17 /* PBXTargetDependency */ = {
			isa = PBXTargetDependency;
			target = B97C749A2CB7D26E0073AC17 /* komplikationExtension */;
			targetProxy = B97C74A82CB7D26F0073AC17 /* PBXContainerItemProxy */;
		};
		B98B3D4C2CAC170300EE7D92 /* PBXTargetDependency */ = {
			isa = PBXTargetDependency;
			target = B98B3D382CAC170200EE7D92 /* Kolkalk */;
			targetProxy = B98B3D4B2CAC170300EE7D92 /* PBXContainerItemProxy */;
		};
		B98B3D562CAC170300EE7D92 /* PBXTargetDependency */ = {
			isa = PBXTargetDependency;
			target = B98B3D382CAC170200EE7D92 /* Kolkalk */;
			targetProxy = B98B3D552CAC170300EE7D92 /* PBXContainerItemProxy */;
		};
		B98B3D7C2CAC176700EE7D92 /* PBXTargetDependency */ = {
			isa = PBXTargetDependency;
			target = B98B3D6A2CAC176600EE7D92 /* kolkalk Watch App */;
			targetProxy = B98B3D7B2CAC176700EE7D92 /* PBXContainerItemProxy */;
		};
		B98B3D862CAC176700EE7D92 /* PBXTargetDependency */ = {
			isa = PBXTargetDependency;
			target = B98B3D6A2CAC176600EE7D92 /* kolkalk Watch App */;
			targetProxy = B98B3D852CAC176700EE7D92 /* PBXContainerItemProxy */;
		};
		B9D999612E75FF0B00AAC5B4 /* PBXTargetDependency */ = {
			isa = PBXTargetDependency;
			target = B98B3D6A2CAC176600EE7D92 /* kolkalk Watch App */;
			targetProxy = B9D999602E75FF0B00AAC5B4 /* PBXContainerItemProxy */;
		};
/* End PBXTargetDependency section */

/* Begin XCBuildConfiguration section */
		B97C74AC2CB7D26F0073AC17 /* Debug */ = {
			isa = XCBuildConfiguration;
			buildSettings = {
				ASSETCATALOG_COMPILER_GLOBAL_ACCENT_COLOR_NAME = AccentColor;
				ASSETCATALOG_COMPILER_WIDGET_BACKGROUND_COLOR_NAME = WidgetBackground;
				CODE_SIGN_ENTITLEMENTS = komplikation/komplikationExtension.entitlements;
				CODE_SIGN_IDENTITY = "";
				CODE_SIGN_STYLE = Automatic;
				CURRENT_PROJECT_VERSION = 3;
				GENERATE_INFOPLIST_FILE = YES;
				INFOPLIST_FILE = komplikation/Info.plist;
				INFOPLIST_KEY_CFBundleDisplayName = komplikation;
				INFOPLIST_KEY_NSHumanReadableCopyright = "";
				LD_RUNPATH_SEARCH_PATHS = (
					"$(inherited)",
					"@executable_path/Frameworks",
					"@executable_path/../../Frameworks",
					"@executable_path/../../../../Frameworks",
				);
				MARKETING_VERSION = 1.1;
				PRODUCT_BUNDLE_IDENTIFIER = com.hejmattias.klockylator.watchkitapp.komplikation;
				PRODUCT_NAME = komplikation;
				SDKROOT = watchos;
				SKIP_INSTALL = YES;
				SWIFT_EMIT_LOC_STRINGS = YES;
				SWIFT_VERSION = 5.0;
				TARGETED_DEVICE_FAMILY = 4;
				WATCHOS_DEPLOYMENT_TARGET = 11.0;
			};
			name = Debug;
		};
		B97C74AD2CB7D26F0073AC17 /* Release */ = {
			isa = XCBuildConfiguration;
			buildSettings = {
				ASSETCATALOG_COMPILER_GLOBAL_ACCENT_COLOR_NAME = AccentColor;
				ASSETCATALOG_COMPILER_WIDGET_BACKGROUND_COLOR_NAME = WidgetBackground;
				CODE_SIGN_ENTITLEMENTS = komplikation/komplikationExtension.entitlements;
				CODE_SIGN_IDENTITY = "Apple Development";
				CODE_SIGN_STYLE = Automatic;
				CURRENT_PROJECT_VERSION = 3;
				DEVELOPMENT_TEAM = ZD2P3P8L7B;
				GENERATE_INFOPLIST_FILE = YES;
				INFOPLIST_FILE = komplikation/Info.plist;
				INFOPLIST_KEY_CFBundleDisplayName = komplikation;
				INFOPLIST_KEY_NSHumanReadableCopyright = "";
				LD_RUNPATH_SEARCH_PATHS = (
					"$(inherited)",
					"@executable_path/Frameworks",
					"@executable_path/../../Frameworks",
					"@executable_path/../../../../Frameworks",
				);
				MARKETING_VERSION = 1.1;
				PRODUCT_BUNDLE_IDENTIFIER = com.hejmattias.klockylator.watchkitapp.komplikation;
				PRODUCT_NAME = komplikation;
				PROVISIONING_PROFILE_SPECIFIER = "";
				SDKROOT = watchos;
				SKIP_INSTALL = YES;
				SWIFT_EMIT_LOC_STRINGS = YES;
				SWIFT_VERSION = 5.0;
				TARGETED_DEVICE_FAMILY = 4;
				VALIDATE_PRODUCT = YES;
				WATCHOS_DEPLOYMENT_TARGET = 11.0;
			};
			name = Release;
		};
		B98B3D5C2CAC170300EE7D92 /* Debug */ = {
			isa = XCBuildConfiguration;
			buildSettings = {
				ALWAYS_SEARCH_USER_PATHS = NO;
				ASSETCATALOG_COMPILER_GENERATE_SWIFT_ASSET_SYMBOL_EXTENSIONS = YES;
				CLANG_ANALYZER_NONNULL = YES;
				CLANG_ANALYZER_NUMBER_OBJECT_CONVERSION = YES_AGGRESSIVE;
				CLANG_CXX_LANGUAGE_STANDARD = "gnu++20";
				CLANG_ENABLE_MODULES = YES;
				CLANG_ENABLE_OBJC_ARC = YES;
				CLANG_ENABLE_OBJC_WEAK = YES;
				CLANG_WARN_BLOCK_CAPTURE_AUTORELEASING = YES;
				CLANG_WARN_BOOL_CONVERSION = YES;
				CLANG_WARN_COMMA = YES;
				CLANG_WARN_CONSTANT_CONVERSION = YES;
				CLANG_WARN_DEPRECATED_OBJC_IMPLEMENTATIONS = YES;
				CLANG_WARN_DIRECT_OBJC_ISA_USAGE = YES_ERROR;
				CLANG_WARN_DOCUMENTATION_COMMENTS = YES;
				CLANG_WARN_EMPTY_BODY = YES;
				CLANG_WARN_ENUM_CONVERSION = YES;
				CLANG_WARN_INFINITE_RECURSION = YES;
				CLANG_WARN_INT_CONVERSION = YES;
				CLANG_WARN_NON_LITERAL_NULL_CONVERSION = YES;
				CLANG_WARN_OBJC_IMPLICIT_RETAIN_SELF = YES;
				CLANG_WARN_OBJC_LITERAL_CONVERSION = YES;
				CLANG_WARN_OBJC_ROOT_CLASS = YES_ERROR;
				CLANG_WARN_QUOTED_INCLUDE_IN_FRAMEWORK_HEADER = YES;
				CLANG_WARN_RANGE_LOOP_ANALYSIS = YES;
				CLANG_WARN_STRICT_PROTOTYPES = YES;
				CLANG_WARN_SUSPICIOUS_MOVE = YES;
				CLANG_WARN_UNGUARDED_AVAILABILITY = YES_AGGRESSIVE;
				CLANG_WARN_UNREACHABLE_CODE = YES;
				CLANG_WARN__DUPLICATE_METHOD_MATCH = YES;
				CODE_SIGN_IDENTITY = "Apple Development";
				COPY_PHASE_STRIP = NO;
				DEAD_CODE_STRIPPING = YES;
				DEBUG_INFORMATION_FORMAT = dwarf;
				DEVELOPMENT_TEAM = ZD2P3P8L7B;
				ENABLE_STRICT_OBJC_MSGSEND = YES;
				ENABLE_TESTABILITY = YES;
				ENABLE_USER_SCRIPT_SANDBOXING = YES;
				GCC_C_LANGUAGE_STANDARD = gnu17;
				GCC_DYNAMIC_NO_PIC = NO;
				GCC_NO_COMMON_BLOCKS = YES;
				GCC_OPTIMIZATION_LEVEL = 0;
				GCC_PREPROCESSOR_DEFINITIONS = (
					"DEBUG=1",
					"$(inherited)",
				);
				GCC_WARN_64_TO_32_BIT_CONVERSION = YES;
				GCC_WARN_ABOUT_RETURN_TYPE = YES_ERROR;
				GCC_WARN_UNDECLARED_SELECTOR = YES;
				GCC_WARN_UNINITIALIZED_AUTOS = YES_AGGRESSIVE;
				GCC_WARN_UNUSED_FUNCTION = YES;
				GCC_WARN_UNUSED_VARIABLE = YES;
				LOCALIZATION_PREFERS_STRING_CATALOGS = YES;
				MTL_ENABLE_DEBUG_INFO = INCLUDE_SOURCE;
				MTL_FAST_MATH = YES;
				ONLY_ACTIVE_ARCH = YES;
				STRING_CATALOG_GENERATE_SYMBOLS = YES;
				SWIFT_ACTIVE_COMPILATION_CONDITIONS = "DEBUG $(inherited)";
				SWIFT_OPTIMIZATION_LEVEL = "-Onone";
			};
			name = Debug;
		};
		B98B3D5D2CAC170300EE7D92 /* Release */ = {
			isa = XCBuildConfiguration;
			buildSettings = {
				ALWAYS_SEARCH_USER_PATHS = NO;
				ASSETCATALOG_COMPILER_GENERATE_SWIFT_ASSET_SYMBOL_EXTENSIONS = YES;
				CLANG_ANALYZER_NONNULL = YES;
				CLANG_ANALYZER_NUMBER_OBJECT_CONVERSION = YES_AGGRESSIVE;
				CLANG_CXX_LANGUAGE_STANDARD = "gnu++20";
				CLANG_ENABLE_MODULES = YES;
				CLANG_ENABLE_OBJC_ARC = YES;
				CLANG_ENABLE_OBJC_WEAK = YES;
				CLANG_WARN_BLOCK_CAPTURE_AUTORELEASING = YES;
				CLANG_WARN_BOOL_CONVERSION = YES;
				CLANG_WARN_COMMA = YES;
				CLANG_WARN_CONSTANT_CONVERSION = YES;
				CLANG_WARN_DEPRECATED_OBJC_IMPLEMENTATIONS = YES;
				CLANG_WARN_DIRECT_OBJC_ISA_USAGE = YES_ERROR;
				CLANG_WARN_DOCUMENTATION_COMMENTS = YES;
				CLANG_WARN_EMPTY_BODY = YES;
				CLANG_WARN_ENUM_CONVERSION = YES;
				CLANG_WARN_INFINITE_RECURSION = YES;
				CLANG_WARN_INT_CONVERSION = YES;
				CLANG_WARN_NON_LITERAL_NULL_CONVERSION = YES;
				CLANG_WARN_OBJC_IMPLICIT_RETAIN_SELF = YES;
				CLANG_WARN_OBJC_LITERAL_CONVERSION = YES;
				CLANG_WARN_OBJC_ROOT_CLASS = YES_ERROR;
				CLANG_WARN_QUOTED_INCLUDE_IN_FRAMEWORK_HEADER = YES;
				CLANG_WARN_RANGE_LOOP_ANALYSIS = YES;
				CLANG_WARN_STRICT_PROTOTYPES = YES;
				CLANG_WARN_SUSPICIOUS_MOVE = YES;
				CLANG_WARN_UNGUARDED_AVAILABILITY = YES_AGGRESSIVE;
				CLANG_WARN_UNREACHABLE_CODE = YES;
				CLANG_WARN__DUPLICATE_METHOD_MATCH = YES;
				CODE_SIGN_IDENTITY = "Apple Development";
				COPY_PHASE_STRIP = NO;
				DEAD_CODE_STRIPPING = YES;
				DEBUG_INFORMATION_FORMAT = "dwarf-with-dsym";
				DEVELOPMENT_TEAM = ZD2P3P8L7B;
				ENABLE_NS_ASSERTIONS = NO;
				ENABLE_STRICT_OBJC_MSGSEND = YES;
				ENABLE_USER_SCRIPT_SANDBOXING = YES;
				GCC_C_LANGUAGE_STANDARD = gnu17;
				GCC_NO_COMMON_BLOCKS = YES;
				GCC_WARN_64_TO_32_BIT_CONVERSION = YES;
				GCC_WARN_ABOUT_RETURN_TYPE = YES_ERROR;
				GCC_WARN_UNDECLARED_SELECTOR = YES;
				GCC_WARN_UNINITIALIZED_AUTOS = YES_AGGRESSIVE;
				GCC_WARN_UNUSED_FUNCTION = YES;
				GCC_WARN_UNUSED_VARIABLE = YES;
				LOCALIZATION_PREFERS_STRING_CATALOGS = YES;
				MTL_ENABLE_DEBUG_INFO = NO;
				MTL_FAST_MATH = YES;
				SKIP_INSTALL = NO;
				STRING_CATALOG_GENERATE_SYMBOLS = YES;
				SWIFT_COMPILATION_MODE = wholemodule;
			};
			name = Release;
		};
		B98B3D5F2CAC170300EE7D92 /* Debug */ = {
			isa = XCBuildConfiguration;
			buildSettings = {
				ASSETCATALOG_COMPILER_APPICON_NAME = AppIcon;
				ASSETCATALOG_COMPILER_GLOBAL_ACCENT_COLOR_NAME = AccentColor;
				CODE_SIGN_ENTITLEMENTS = Kolkalk/Kolkalk.entitlements;
				CODE_SIGN_IDENTITY = "";
				CODE_SIGN_STYLE = Automatic;
				CURRENT_PROJECT_VERSION = 3;
				DEAD_CODE_STRIPPING = YES;
				DEVELOPMENT_ASSET_PATHS = "\"Kolkalk/Preview Content\"";
				ENABLE_APP_SANDBOX = YES;
				ENABLE_HARDENED_RUNTIME = YES;
				ENABLE_PREVIEWS = YES;
				ENABLE_USER_SELECTED_FILES = readonly;
				GENERATE_INFOPLIST_FILE = YES;
				INFOPLIST_FILE = Kolkalk/Info.plist;
				INFOPLIST_KEY_CFBundleDisplayName = Kolkalk;
				INFOPLIST_KEY_LSApplicationCategoryType = "public.app-category.healthcare-fitness";
				INFOPLIST_KEY_NSHealthShareUsageDescription = "Appen behöver läsa data från Apple Hälsa för att visa kolhydrater och insulin.";
				INFOPLIST_KEY_NSHealthUpdateUsageDescription = "Appen behöver skriva data till Apple Hälsa för att logga kolhydrater och insulin.";
				INFOPLIST_KEY_NSPhotoLibraryUsageDescription = "Appen behöver åtkomst till ditt fotobibliotek för att välja bilder till kärl.";
				"INFOPLIST_KEY_UIApplicationSceneManifest_Generation[sdk=iphoneos*]" = YES;
				"INFOPLIST_KEY_UIApplicationSceneManifest_Generation[sdk=iphonesimulator*]" = YES;
				INFOPLIST_KEY_UIApplicationSupportsIndirectInputEvents = YES;
				"INFOPLIST_KEY_UIApplicationSupportsIndirectInputEvents[sdk=iphoneos*]" = YES;
				"INFOPLIST_KEY_UIApplicationSupportsIndirectInputEvents[sdk=iphonesimulator*]" = YES;
				INFOPLIST_KEY_UILaunchScreen_Generation = YES;
				"INFOPLIST_KEY_UILaunchScreen_Generation[sdk=iphoneos*]" = YES;
				"INFOPLIST_KEY_UILaunchScreen_Generation[sdk=iphonesimulator*]" = YES;
				INFOPLIST_KEY_UIStatusBarStyle = UIStatusBarStyleDefault;
				"INFOPLIST_KEY_UIStatusBarStyle[sdk=iphoneos*]" = UIStatusBarStyleDefault;
				"INFOPLIST_KEY_UIStatusBarStyle[sdk=iphonesimulator*]" = UIStatusBarStyleDefault;
				INFOPLIST_KEY_UISupportedInterfaceOrientations_iPad = "UIInterfaceOrientationPortrait UIInterfaceOrientationPortraitUpsideDown UIInterfaceOrientationLandscapeLeft UIInterfaceOrientationLandscapeRight";
				INFOPLIST_KEY_UISupportedInterfaceOrientations_iPhone = "UIInterfaceOrientationPortrait UIInterfaceOrientationLandscapeLeft UIInterfaceOrientationLandscapeRight";
				INFOPLIST_KEY_UISupportsDocumentBrowser = YES;
				IPHONEOS_DEPLOYMENT_TARGET = 18.0;
				LD_RUNPATH_SEARCH_PATHS = "@executable_path/Frameworks";
				"LD_RUNPATH_SEARCH_PATHS[sdk=macosx*]" = "@executable_path/../Frameworks";
				MARKETING_VERSION = 1.1;
				PRODUCT_BUNDLE_IDENTIFIER = com.hejmattias.klockylator;
				PRODUCT_NAME = "$(TARGET_NAME)";
				PROVISIONING_PROFILE_SPECIFIER = "";
				SDKROOT = iphoneos;
				SUPPORTED_PLATFORMS = "iphoneos iphonesimulator";
				SUPPORTS_MACCATALYST = NO;
				SUPPORTS_MAC_DESIGNED_FOR_IPHONE_IPAD = NO;
				SUPPORTS_XR_DESIGNED_FOR_IPHONE_IPAD = NO;
				SWIFT_EMIT_LOC_STRINGS = YES;
				SWIFT_VERSION = 5.0;
				TARGETED_DEVICE_FAMILY = "1,2";
			};
			name = Debug;
		};
		B98B3D602CAC170300EE7D92 /* Release */ = {
			isa = XCBuildConfiguration;
			buildSettings = {
				ASSETCATALOG_COMPILER_APPICON_NAME = AppIcon;
				ASSETCATALOG_COMPILER_GLOBAL_ACCENT_COLOR_NAME = AccentColor;
				CODE_SIGN_ENTITLEMENTS = Kolkalk/Kolkalk.entitlements;
				CODE_SIGN_IDENTITY = "Apple Development";
				CODE_SIGN_STYLE = Automatic;
				CURRENT_PROJECT_VERSION = 3;
				DEAD_CODE_STRIPPING = YES;
				DEVELOPMENT_ASSET_PATHS = "\"Kolkalk/Preview Content\"";
				DEVELOPMENT_TEAM = ZD2P3P8L7B;
				ENABLE_APP_SANDBOX = YES;
				ENABLE_HARDENED_RUNTIME = YES;
				ENABLE_PREVIEWS = YES;
				ENABLE_USER_SELECTED_FILES = readonly;
				GENERATE_INFOPLIST_FILE = YES;
				INFOPLIST_FILE = Kolkalk/Info.plist;
				INFOPLIST_KEY_CFBundleDisplayName = Kolkalk;
				INFOPLIST_KEY_LSApplicationCategoryType = "public.app-category.healthcare-fitness";
				INFOPLIST_KEY_NSHealthShareUsageDescription = "Appen behöver läsa data från Apple Hälsa för att visa kolhydrater och insulin.";
				INFOPLIST_KEY_NSHealthUpdateUsageDescription = "Appen behöver skriva data till Apple Hälsa för att logga kolhydrater och insulin.";
				INFOPLIST_KEY_NSPhotoLibraryUsageDescription = "Appen behöver åtkomst till ditt fotobibliotek för att välja bilder till kärl.";
				"INFOPLIST_KEY_UIApplicationSceneManifest_Generation[sdk=iphoneos*]" = YES;
				"INFOPLIST_KEY_UIApplicationSceneManifest_Generation[sdk=iphonesimulator*]" = YES;
				INFOPLIST_KEY_UIApplicationSupportsIndirectInputEvents = YES;
				"INFOPLIST_KEY_UIApplicationSupportsIndirectInputEvents[sdk=iphoneos*]" = YES;
				"INFOPLIST_KEY_UIApplicationSupportsIndirectInputEvents[sdk=iphonesimulator*]" = YES;
				INFOPLIST_KEY_UILaunchScreen_Generation = YES;
				"INFOPLIST_KEY_UILaunchScreen_Generation[sdk=iphoneos*]" = YES;
				"INFOPLIST_KEY_UILaunchScreen_Generation[sdk=iphonesimulator*]" = YES;
				INFOPLIST_KEY_UIStatusBarStyle = UIStatusBarStyleDefault;
				"INFOPLIST_KEY_UIStatusBarStyle[sdk=iphoneos*]" = UIStatusBarStyleDefault;
				"INFOPLIST_KEY_UIStatusBarStyle[sdk=iphonesimulator*]" = UIStatusBarStyleDefault;
				INFOPLIST_KEY_UISupportedInterfaceOrientations_iPad = "UIInterfaceOrientationPortrait UIInterfaceOrientationPortraitUpsideDown UIInterfaceOrientationLandscapeLeft UIInterfaceOrientationLandscapeRight";
				INFOPLIST_KEY_UISupportedInterfaceOrientations_iPhone = "UIInterfaceOrientationPortrait UIInterfaceOrientationLandscapeLeft UIInterfaceOrientationLandscapeRight";
				INFOPLIST_KEY_UISupportsDocumentBrowser = YES;
				IPHONEOS_DEPLOYMENT_TARGET = 18.0;
				LD_RUNPATH_SEARCH_PATHS = "@executable_path/Frameworks";
				"LD_RUNPATH_SEARCH_PATHS[sdk=macosx*]" = "@executable_path/../Frameworks";
				MARKETING_VERSION = 1.1;
				PRODUCT_BUNDLE_IDENTIFIER = com.hejmattias.klockylator;
				PRODUCT_NAME = "$(TARGET_NAME)";
				PROVISIONING_PROFILE_SPECIFIER = "";
				SDKROOT = iphoneos;
				SUPPORTED_PLATFORMS = "iphoneos iphonesimulator";
				SUPPORTS_MACCATALYST = NO;
				SUPPORTS_MAC_DESIGNED_FOR_IPHONE_IPAD = NO;
				SUPPORTS_XR_DESIGNED_FOR_IPHONE_IPAD = NO;
				SWIFT_EMIT_LOC_STRINGS = YES;
				SWIFT_VERSION = 5.0;
				TARGETED_DEVICE_FAMILY = "1,2";
			};
			name = Release;
		};
		B98B3D622CAC170300EE7D92 /* Debug */ = {
			isa = XCBuildConfiguration;
			buildSettings = {
				BUNDLE_LOADER = "$(TEST_HOST)";
				CODE_SIGN_STYLE = Automatic;
				CURRENT_PROJECT_VERSION = 1;
				DEAD_CODE_STRIPPING = YES;
				GENERATE_INFOPLIST_FILE = YES;
				IPHONEOS_DEPLOYMENT_TARGET = 18.0;
				MACOSX_DEPLOYMENT_TARGET = 14.6;
				MARKETING_VERSION = 1.0;
				PRODUCT_BUNDLE_IDENTIFIER = MG.kolkylatorTests;
				PRODUCT_NAME = "$(TARGET_NAME)";
				SDKROOT = auto;
				SUPPORTED_PLATFORMS = "iphoneos iphonesimulator macosx xros xrsimulator";
				SWIFT_EMIT_LOC_STRINGS = NO;
				SWIFT_VERSION = 5.0;
				TARGETED_DEVICE_FAMILY = "1,2,7";
				TEST_HOST = "$(BUILT_PRODUCTS_DIR)/Kolkalk.app/$(BUNDLE_EXECUTABLE_FOLDER_PATH)/Kolkalk";
				XROS_DEPLOYMENT_TARGET = 2.0;
			};
			name = Debug;
		};
		B98B3D632CAC170300EE7D92 /* Release */ = {
			isa = XCBuildConfiguration;
			buildSettings = {
				BUNDLE_LOADER = "$(TEST_HOST)";
				CODE_SIGN_STYLE = Automatic;
				CURRENT_PROJECT_VERSION = 1;
				DEAD_CODE_STRIPPING = YES;
				GENERATE_INFOPLIST_FILE = YES;
				IPHONEOS_DEPLOYMENT_TARGET = 18.0;
				MACOSX_DEPLOYMENT_TARGET = 14.6;
				MARKETING_VERSION = 1.0;
				PRODUCT_BUNDLE_IDENTIFIER = MG.kolkylatorTests;
				PRODUCT_NAME = "$(TARGET_NAME)";
				SDKROOT = auto;
				SUPPORTED_PLATFORMS = "iphoneos iphonesimulator macosx xros xrsimulator";
				SWIFT_EMIT_LOC_STRINGS = NO;
				SWIFT_VERSION = 5.0;
				TARGETED_DEVICE_FAMILY = "1,2,7";
				TEST_HOST = "$(BUILT_PRODUCTS_DIR)/Kolkalk.app/$(BUNDLE_EXECUTABLE_FOLDER_PATH)/Kolkalk";
				XROS_DEPLOYMENT_TARGET = 2.0;
			};
			name = Release;
		};
		B98B3D652CAC170300EE7D92 /* Debug */ = {
			isa = XCBuildConfiguration;
			buildSettings = {
				CODE_SIGN_STYLE = Automatic;
				CURRENT_PROJECT_VERSION = 1;
				DEAD_CODE_STRIPPING = YES;
				GENERATE_INFOPLIST_FILE = YES;
				IPHONEOS_DEPLOYMENT_TARGET = 18.0;
				MACOSX_DEPLOYMENT_TARGET = 14.6;
				MARKETING_VERSION = 1.0;
				PRODUCT_BUNDLE_IDENTIFIER = MG.kolkylatorUITests;
				PRODUCT_NAME = "$(TARGET_NAME)";
				SDKROOT = auto;
				SUPPORTED_PLATFORMS = "iphoneos iphonesimulator macosx xros xrsimulator";
				SWIFT_EMIT_LOC_STRINGS = NO;
				SWIFT_VERSION = 5.0;
				TARGETED_DEVICE_FAMILY = "1,2,7";
				TEST_TARGET_NAME = Kolkalk;
				XROS_DEPLOYMENT_TARGET = 2.0;
			};
			name = Debug;
		};
		B98B3D662CAC170300EE7D92 /* Release */ = {
			isa = XCBuildConfiguration;
			buildSettings = {
				CODE_SIGN_STYLE = Automatic;
				CURRENT_PROJECT_VERSION = 1;
				DEAD_CODE_STRIPPING = YES;
				GENERATE_INFOPLIST_FILE = YES;
				IPHONEOS_DEPLOYMENT_TARGET = 18.0;
				MACOSX_DEPLOYMENT_TARGET = 14.6;
				MARKETING_VERSION = 1.0;
				PRODUCT_BUNDLE_IDENTIFIER = MG.kolkylatorUITests;
				PRODUCT_NAME = "$(TARGET_NAME)";
				SDKROOT = auto;
				SUPPORTED_PLATFORMS = "iphoneos iphonesimulator macosx xros xrsimulator";
				SWIFT_EMIT_LOC_STRINGS = NO;
				SWIFT_VERSION = 5.0;
				TARGETED_DEVICE_FAMILY = "1,2,7";
				TEST_TARGET_NAME = Kolkalk;
				XROS_DEPLOYMENT_TARGET = 2.0;
			};
			name = Release;
		};
		B98B3D902CAC176700EE7D92 /* Debug */ = {
			isa = XCBuildConfiguration;
			buildSettings = {
				ASSETCATALOG_COMPILER_APPICON_NAME = AppIcon;
				ASSETCATALOG_COMPILER_GLOBAL_ACCENT_COLOR_NAME = AccentColor;
				ASSETCATALOG_COMPILER_INCLUDE_ALL_APPICON_ASSETS = YES;
				CODE_SIGN_ENTITLEMENTS = "kolkalk Watch App/kolkalk Watch App.entitlements";
				CODE_SIGN_IDENTITY = "";
				CODE_SIGN_STYLE = Automatic;
				CURRENT_PROJECT_VERSION = 3;
				DEVELOPMENT_ASSET_PATHS = "\"kolkalk Watch App/Preview Content\"";
				ENABLE_PREVIEWS = YES;
				GENERATE_INFOPLIST_FILE = YES;
				INFOPLIST_FILE = "kolkalk Watch App/Info.plist";
				INFOPLIST_KEY_CFBundleDisplayName = kolkalk;
				INFOPLIST_KEY_NSHealthShareUsageDescription = "Appen behöver läsa data från Apple Hälsa för att visa kolhydrater och insulin.";
				INFOPLIST_KEY_NSHealthUpdateUsageDescription = "Appen behöver skriva data till Apple Hälsa för att logga kolhydrater och insulin.";
				INFOPLIST_KEY_UISupportedInterfaceOrientations = "UIInterfaceOrientationPortrait UIInterfaceOrientationPortraitUpsideDown";
				INFOPLIST_KEY_WKCompanionAppBundleIdentifier = com.hejmattias.klockylator;
				INFOPLIST_KEY_WKRunsIndependentlyOfCompanionApp = YES;
				LD_RUNPATH_SEARCH_PATHS = (
					"$(inherited)",
					"@executable_path/Frameworks",
				);
				MARKETING_VERSION = 1.1;
				PRODUCT_BUNDLE_IDENTIFIER = com.hejmattias.klockylator.watchkitapp;
				PRODUCT_NAME = "$(TARGET_NAME)";
				SDKROOT = watchos;
				SKIP_INSTALL = YES;
				SWIFT_EMIT_LOC_STRINGS = YES;
				SWIFT_VERSION = 5.0;
				TARGETED_DEVICE_FAMILY = 4;
				WATCHOS_DEPLOYMENT_TARGET = 11.0;
			};
			name = Debug;
		};
		B98B3D912CAC176700EE7D92 /* Release */ = {
			isa = XCBuildConfiguration;
			buildSettings = {
				ASSETCATALOG_COMPILER_APPICON_NAME = AppIcon;
				ASSETCATALOG_COMPILER_GLOBAL_ACCENT_COLOR_NAME = AccentColor;
				ASSETCATALOG_COMPILER_INCLUDE_ALL_APPICON_ASSETS = YES;
				CODE_SIGN_ENTITLEMENTS = "kolkalk Watch App/kolkalk Watch App.entitlements";
				CODE_SIGN_IDENTITY = "Apple Development";
				CODE_SIGN_STYLE = Automatic;
				CURRENT_PROJECT_VERSION = 3;
				DEVELOPMENT_ASSET_PATHS = "\"kolkalk Watch App/Preview Content\"";
				DEVELOPMENT_TEAM = ZD2P3P8L7B;
				ENABLE_PREVIEWS = YES;
				GENERATE_INFOPLIST_FILE = YES;
				INFOPLIST_FILE = "kolkalk Watch App/Info.plist";
				INFOPLIST_KEY_CFBundleDisplayName = kolkalk;
				INFOPLIST_KEY_NSHealthShareUsageDescription = "Appen behöver läsa data från Apple Hälsa för att visa kolhydrater och insulin.";
				INFOPLIST_KEY_NSHealthUpdateUsageDescription = "Appen behöver skriva data till Apple Hälsa för att logga kolhydrater och insulin.";
				INFOPLIST_KEY_UISupportedInterfaceOrientations = "UIInterfaceOrientationPortrait UIInterfaceOrientationPortraitUpsideDown";
				INFOPLIST_KEY_WKCompanionAppBundleIdentifier = com.hejmattias.klockylator;
				INFOPLIST_KEY_WKRunsIndependentlyOfCompanionApp = YES;
				LD_RUNPATH_SEARCH_PATHS = (
					"$(inherited)",
					"@executable_path/Frameworks",
				);
				MARKETING_VERSION = 1.1;
				PRODUCT_BUNDLE_IDENTIFIER = com.hejmattias.klockylator.watchkitapp;
				PRODUCT_NAME = "$(TARGET_NAME)";
				PROVISIONING_PROFILE_SPECIFIER = "";
				SDKROOT = watchos;
				SKIP_INSTALL = YES;
				SWIFT_EMIT_LOC_STRINGS = YES;
				SWIFT_VERSION = 5.0;
				TARGETED_DEVICE_FAMILY = 4;
				VALIDATE_PRODUCT = YES;
				WATCHOS_DEPLOYMENT_TARGET = 11.0;
			};
			name = Release;
		};
		B98B3D942CAC176700EE7D92 /* Debug */ = {
			isa = XCBuildConfiguration;
			buildSettings = {
				BUNDLE_LOADER = "$(TEST_HOST)";
				CODE_SIGN_STYLE = Automatic;
				CURRENT_PROJECT_VERSION = 1;
				GENERATE_INFOPLIST_FILE = YES;
				MARKETING_VERSION = 1.0;
				PRODUCT_BUNDLE_IDENTIFIER = "MG.kolkylator-Watch-AppTests";
				PRODUCT_NAME = "$(TARGET_NAME)";
				SDKROOT = watchos;
				SWIFT_EMIT_LOC_STRINGS = NO;
				SWIFT_VERSION = 5.0;
				TARGETED_DEVICE_FAMILY = 4;
				TEST_HOST = "$(BUILT_PRODUCTS_DIR)/kolkalk Watch App.app/$(BUNDLE_EXECUTABLE_FOLDER_PATH)/kolkalk Watch App";
				WATCHOS_DEPLOYMENT_TARGET = 11.0;
			};
			name = Debug;
		};
		B98B3D952CAC176700EE7D92 /* Release */ = {
			isa = XCBuildConfiguration;
			buildSettings = {
				BUNDLE_LOADER = "$(TEST_HOST)";
				CODE_SIGN_STYLE = Automatic;
				CURRENT_PROJECT_VERSION = 1;
				GENERATE_INFOPLIST_FILE = YES;
				MARKETING_VERSION = 1.0;
				PRODUCT_BUNDLE_IDENTIFIER = "MG.kolkylator-Watch-AppTests";
				PRODUCT_NAME = "$(TARGET_NAME)";
				SDKROOT = watchos;
				SWIFT_EMIT_LOC_STRINGS = NO;
				SWIFT_VERSION = 5.0;
				TARGETED_DEVICE_FAMILY = 4;
				TEST_HOST = "$(BUILT_PRODUCTS_DIR)/kolkalk Watch App.app/$(BUNDLE_EXECUTABLE_FOLDER_PATH)/kolkalk Watch App";
				VALIDATE_PRODUCT = YES;
				WATCHOS_DEPLOYMENT_TARGET = 11.0;
			};
			name = Release;
		};
		B98B3D972CAC176700EE7D92 /* Debug */ = {
			isa = XCBuildConfiguration;
			buildSettings = {
				CODE_SIGN_STYLE = Automatic;
				CURRENT_PROJECT_VERSION = 1;
				GENERATE_INFOPLIST_FILE = YES;
				MARKETING_VERSION = 1.0;
				PRODUCT_BUNDLE_IDENTIFIER = "MG.kolkylator-Watch-AppUITests";
				PRODUCT_NAME = "$(TARGET_NAME)";
				SDKROOT = watchos;
				SWIFT_EMIT_LOC_STRINGS = NO;
				SWIFT_VERSION = 5.0;
				TARGETED_DEVICE_FAMILY = 4;
				TEST_TARGET_NAME = "kolkalk Watch App";
				WATCHOS_DEPLOYMENT_TARGET = 11.0;
			};
			name = Debug;
		};
		B98B3D982CAC176700EE7D92 /* Release */ = {
			isa = XCBuildConfiguration;
			buildSettings = {
				CODE_SIGN_STYLE = Automatic;
				CURRENT_PROJECT_VERSION = 1;
				GENERATE_INFOPLIST_FILE = YES;
				MARKETING_VERSION = 1.0;
				PRODUCT_BUNDLE_IDENTIFIER = "MG.kolkylator-Watch-AppUITests";
				PRODUCT_NAME = "$(TARGET_NAME)";
				SDKROOT = watchos;
				SWIFT_EMIT_LOC_STRINGS = NO;
				SWIFT_VERSION = 5.0;
				TARGETED_DEVICE_FAMILY = 4;
				TEST_TARGET_NAME = "kolkalk Watch App";
				VALIDATE_PRODUCT = YES;
				WATCHOS_DEPLOYMENT_TARGET = 11.0;
			};
			name = Release;
		};
/* End XCBuildConfiguration section */

/* Begin XCConfigurationList section */
		B97C74AB2CB7D26F0073AC17 /* Build configuration list for PBXNativeTarget "komplikationExtension" */ = {
			isa = XCConfigurationList;
			buildConfigurations = (
				B97C74AC2CB7D26F0073AC17 /* Debug */,
				B97C74AD2CB7D26F0073AC17 /* Release */,
			);
			defaultConfigurationIsVisible = 0;
			defaultConfigurationName = Release;
		};
		B98B3D342CAC170200EE7D92 /* Build configuration list for PBXProject "Kolkalk" */ = {
			isa = XCConfigurationList;
			buildConfigurations = (
				B98B3D5C2CAC170300EE7D92 /* Debug */,
				B98B3D5D2CAC170300EE7D92 /* Release */,
			);
			defaultConfigurationIsVisible = 0;
			defaultConfigurationName = Release;
		};
		B98B3D5E2CAC170300EE7D92 /* Build configuration list for PBXNativeTarget "Kolkalk" */ = {
			isa = XCConfigurationList;
			buildConfigurations = (
				B98B3D5F2CAC170300EE7D92 /* Debug */,
				B98B3D602CAC170300EE7D92 /* Release */,
			);
			defaultConfigurationIsVisible = 0;
			defaultConfigurationName = Release;
		};
		B98B3D612CAC170300EE7D92 /* Build configuration list for PBXNativeTarget "KolkalkTests" */ = {
			isa = XCConfigurationList;
			buildConfigurations = (
				B98B3D622CAC170300EE7D92 /* Debug */,
				B98B3D632CAC170300EE7D92 /* Release */,
			);
			defaultConfigurationIsVisible = 0;
			defaultConfigurationName = Release;
		};
		B98B3D642CAC170300EE7D92 /* Build configuration list for PBXNativeTarget "KolkalkUITests" */ = {
			isa = XCConfigurationList;
			buildConfigurations = (
				B98B3D652CAC170300EE7D92 /* Debug */,
				B98B3D662CAC170300EE7D92 /* Release */,
			);
			defaultConfigurationIsVisible = 0;
			defaultConfigurationName = Release;
		};
		B98B3D8F2CAC176700EE7D92 /* Build configuration list for PBXNativeTarget "kolkalk Watch App" */ = {
			isa = XCConfigurationList;
			buildConfigurations = (
				B98B3D902CAC176700EE7D92 /* Debug */,
				B98B3D912CAC176700EE7D92 /* Release */,
			);
			defaultConfigurationIsVisible = 0;
			defaultConfigurationName = Release;
		};
		B98B3D932CAC176700EE7D92 /* Build configuration list for PBXNativeTarget "kolkalk Watch AppTests" */ = {
			isa = XCConfigurationList;
			buildConfigurations = (
				B98B3D942CAC176700EE7D92 /* Debug */,
				B98B3D952CAC176700EE7D92 /* Release */,
			);
			defaultConfigurationIsVisible = 0;
			defaultConfigurationName = Release;
		};
		B98B3D962CAC176700EE7D92 /* Build configuration list for PBXNativeTarget "kolkalk Watch AppUITests" */ = {
			isa = XCConfigurationList;
			buildConfigurations = (
				B98B3D972CAC176700EE7D92 /* Debug */,
				B98B3D982CAC176700EE7D92 /* Release */,
			);
			defaultConfigurationIsVisible = 0;
			defaultConfigurationName = Release;
		};
/* End XCConfigurationList section */
	};
	rootObject = B98B3D312CAC170200EE7D92 /* Project object */;
}
