// !$*UTF8*$!
{
	archiveVersion = 1;
	classes = {
	};
	objectVersion = 77;
	objects = {

/* Begin PBXBuildFile section */
		B97C749D2CB7D26E0073AC17 /* WidgetKit.framework in Frameworks */ = {isa = PBXBuildFile; fileRef = B97C749C2CB7D26E0073AC17 /* WidgetKit.framework */; };
		B97C749F2CB7D26E0073AC17 /* SwiftUI.framework in Frameworks */ = {isa = PBXBuildFile; fileRef = B97C749E2CB7D26E0073AC17 /* SwiftUI.framework */; };
		B97C74AA2CB7D26F0073AC17 /* komplikationExtension.appex in Embed Foundation Extensions */ = {isa = PBXBuildFile; fileRef = B97C749B2CB7D26E0073AC17 /* komplikationExtension.appex */; settings = {ATTRIBUTES = (RemoveHeadersOnCopy, ); }; };
		B97E03FF2CAC84D100450835 /* WatchConnectivity.framework in Frameworks */ = {isa = PBXBuildFile; fileRef = B97E03FE2CAC84D100450835 /* WatchConnectivity.framework */; };
		B98B3D8E2CAC176700EE7D92 /* kolkalk Watch App.app in Embed Watch Content */ = {isa = PBXBuildFile; fileRef = B98B3D6B2CAC176600EE7D92 /* kolkalk Watch App.app */; settings = {ATTRIBUTES = (RemoveHeadersOnCopy, ); }; };
/* End PBXBuildFile section */

/* Begin PBXContainerItemProxy section */
		B97C74A82CB7D26F0073AC17 /* PBXContainerItemProxy */ = {
			isa = PBXContainerItemProxy;
			containerPortal = B98B3D312CAC170200EE7D92 /* Project object */;
			proxyType = 1;
			remoteGlobalIDString = B97C749A2CB7D26E0073AC17;
			remoteInfo = komplikationExtension;
		};
		B98B3D4B2CAC170300EE7D92 /* PBXContainerItemProxy */ = {
			isa = PBXContainerItemProxy;
			containerPortal = B98B3D312CAC170200EE7D92 /* Project object */;
			proxyType = 1;
			remoteGlobalIDString = B98B3D382CAC170200EE7D92;
			remoteInfo = Kolkalk;
		};
		B98B3D552CAC170300EE7D92 /* PBXContainerItemProxy */ = {
			isa = PBXContainerItemProxy;
			containerPortal = B98B3D312CAC170200EE7D92 /* Project object */;
			proxyType = 1;
			remoteGlobalIDString = B98B3D382CAC170200EE7D92;
			remoteInfo = Kolkalk;
		};
		B98B3D7B2CAC176700EE7D92 /* PBXContainerItemProxy */ = {
			isa = PBXContainerItemProxy;
			containerPortal = B98B3D312CAC170200EE7D92 /* Project object */;
			proxyType = 1;
			remoteGlobalIDString = B98B3D6A2CAC176600EE7D92;
			remoteInfo = "kolkalk Watch App";
		};
		B98B3D852CAC176700EE7D92 /* PBXContainerItemProxy */ = {
			isa = PBXContainerItemProxy;
			containerPortal = B98B3D312CAC170200EE7D92 /* Project object */;
			proxyType = 1;
			remoteGlobalIDString = B98B3D6A2CAC176600EE7D92;
			remoteInfo = "kolkalk Watch App";
		};
		B98B3D8C2CAC176700EE7D92 /* PBXContainerItemProxy */ = {
			isa = PBXContainerItemProxy;
			containerPortal = B98B3D312CAC170200EE7D92 /* Project object */;
			proxyType = 1;
			remoteGlobalIDString = B98B3D6A2CAC176600EE7D92;
			remoteInfo = "kolkalk Watch App";
		};
/* End PBXContainerItemProxy section */

/* Begin PBXCopyFilesBuildPhase section */
		B97C74AF2CB7D26F0073AC17 /* Embed Foundation Extensions */ = {
			isa = PBXCopyFilesBuildPhase;
			buildActionMask = 2147483647;
			dstPath = "";
			dstSubfolderSpec = 13;
			files = (
				B97C74AA2CB7D26F0073AC17 /* komplikationExtension.appex in Embed Foundation Extensions */,
			);
			name = "Embed Foundation Extensions";
			runOnlyForDeploymentPostprocessing = 0;
		};
		B98B3D922CAC176700EE7D92 /* Embed Watch Content */ = {
			isa = PBXCopyFilesBuildPhase;
			buildActionMask = 2147483647;
			dstPath = "$(CONTENTS_FOLDER_PATH)/Watch";
			dstSubfolderSpec = 16;
			files = (
				B98B3D8E2CAC176700EE7D92 /* kolkalk Watch App.app in Embed Watch Content */,
			);
			name = "Embed Watch Content";
			runOnlyForDeploymentPostprocessing = 0;
		};
/* End PBXCopyFilesBuildPhase section */

/* Begin PBXFileReference section */
		B97C749B2CB7D26E0073AC17 /* komplikationExtension.appex */ = {isa = PBXFileReference; explicitFileType = "wrapper.app-extension"; includeInIndex = 0; path = komplikationExtension.appex; sourceTree = BUILT_PRODUCTS_DIR; };
		B97C749C2CB7D26E0073AC17 /* WidgetKit.framework */ = {isa = PBXFileReference; lastKnownFileType = wrapper.framework; name = WidgetKit.framework; path = System/Library/Frameworks/WidgetKit.framework; sourceTree = SDKROOT; };
		B97C749E2CB7D26E0073AC17 /* SwiftUI.framework */ = {isa = PBXFileReference; lastKnownFileType = wrapper.framework; name = SwiftUI.framework; path = System/Library/Frameworks/SwiftUI.framework; sourceTree = SDKROOT; };
		B97C74BD2CB7F2DB0073AC17 /* komplikationExtension.entitlements */ = {isa = PBXFileReference; explicitFileType = text; path = komplikationExtension.entitlements; sourceTree = "<group>"; };
		B97E03FE2CAC84D100450835 /* WatchConnectivity.framework */ = {isa = PBXFileReference; lastKnownFileType = wrapper.framework; name = WatchConnectivity.framework; path = Platforms/WatchOS.platform/Developer/SDKs/WatchOS11.0.sdk/System/Library/Frameworks/WatchConnectivity.framework; sourceTree = DEVELOPER_DIR; };
		B98B3D392CAC170200EE7D92 /* Kolkalk.app */ = {isa = PBXFileReference; explicitFileType = wrapper.application; includeInIndex = 0; path = Kolkalk.app; sourceTree = BUILT_PRODUCTS_DIR; };
		B98B3D4A2CAC170300EE7D92 /* KolkalkTests.xctest */ = {isa = PBXFileReference; explicitFileType = wrapper.cfbundle; includeInIndex = 0; path = KolkalkTests.xctest; sourceTree = BUILT_PRODUCTS_DIR; };
		B98B3D542CAC170300EE7D92 /* KolkalkUITests.xctest */ = {isa = PBXFileReference; explicitFileType = wrapper.cfbundle; includeInIndex = 0; path = KolkalkUITests.xctest; sourceTree = BUILT_PRODUCTS_DIR; };
		B98B3D6B2CAC176600EE7D92 /* kolkalk Watch App.app */ = {isa = PBXFileReference; explicitFileType = wrapper.application; includeInIndex = 0; path = "kolkalk Watch App.app"; sourceTree = BUILT_PRODUCTS_DIR; };
		B98B3D7A2CAC176700EE7D92 /* kolkalk Watch AppTests.xctest */ = {isa = PBXFileReference; explicitFileType = wrapper.cfbundle; includeInIndex = 0; path = "kolkalk Watch AppTests.xctest"; sourceTree = BUILT_PRODUCTS_DIR; };
		B98B3D842CAC176700EE7D92 /* kolkalk Watch AppUITests.xctest */ = {isa = PBXFileReference; explicitFileType = wrapper.cfbundle; includeInIndex = 0; path = "kolkalk Watch AppUITests.xctest"; sourceTree = BUILT_PRODUCTS_DIR; };
/* End PBXFileReference section */

/* Begin PBXFileSystemSynchronizedBuildFileExceptionSet section */
		B97C74AE2CB7D26F0073AC17 /* Exceptions for "komplikation" folder in "komplikationExtension" target */ = {
			isa = PBXFileSystemSynchronizedBuildFileExceptionSet;
			membershipExceptions = (
				Info.plist,
			);
			target = B97C749A2CB7D26E0073AC17 /* komplikationExtension */;
		};
		B97C74B52CB7D38A0073AC17 /* Exceptions for "kolkalk Watch App" folder in "komplikationExtension" target */ = {
			isa = PBXFileSystemSynchronizedBuildFileExceptionSet;
			membershipExceptions = (
				Plateklassen.swift,
			);
			target = B97C749A2CB7D26E0073AC17 /* komplikationExtension */;
		};
		B97C74B92CB7EA850073AC17 /* Exceptions for "Shared" folder in "komplikationExtension" target */ = {
			isa = PBXFileSystemSynchronizedBuildFileExceptionSet;
			membershipExceptions = (
				FoodItem.swift,
			);
			target = B97C749A2CB7D26E0073AC17 /* komplikationExtension */;
		};
		B97C74BE2CB7F7410073AC17 /* Exceptions for "kolkalk Watch App" folder in "kolkalk Watch App" target */ = {
			isa = PBXFileSystemSynchronizedBuildFileExceptionSet;
			membershipExceptions = (
				info.plist,
				"kolkalk Watch App.entitlements",
			);
			target = B98B3D6A2CAC176600EE7D92 /* kolkalk Watch App */;
		};
		B9A84FAA2CAEB70200DB4389 /* Exceptions for "Shared" folder in "kolkalk Watch App" target */ = {
			isa = PBXFileSystemSynchronizedBuildFileExceptionSet;
			membershipExceptions = (
				FoodItem.swift,
			);
			target = B98B3D6A2CAC176600EE7D92 /* kolkalk Watch App */;
		};
/* End PBXFileSystemSynchronizedBuildFileExceptionSet section */

/* Begin PBXFileSystemSynchronizedRootGroup section */
		B97C74A02CB7D26E0073AC17 /* komplikation */ = {
			isa = PBXFileSystemSynchronizedRootGroup;
			exceptions = (
				B97C74AE2CB7D26F0073AC17 /* Exceptions for "komplikation" folder in "komplikationExtension" target */,
			);
			explicitFileTypes = {
				" komplikation.entitlements" = text;
				Info.plist = text;
			};
			path = komplikation;
			sourceTree = "<group>";
		};
		B98B3D3B2CAC170200EE7D92 /* Kolkalk */ = {
			isa = PBXFileSystemSynchronizedRootGroup;
			path = Kolkalk;
			sourceTree = "<group>";
		};
		B98B3D4D2CAC170300EE7D92 /* KolkalkTests */ = {
			isa = PBXFileSystemSynchronizedRootGroup;
			path = KolkalkTests;
			sourceTree = "<group>";
		};
		B98B3D572CAC170300EE7D92 /* KolkalkUITests */ = {
			isa = PBXFileSystemSynchronizedRootGroup;
			path = KolkalkUITests;
			sourceTree = "<group>";
		};
		B98B3D6C2CAC176600EE7D92 /* kolkalk Watch App */ = {
			isa = PBXFileSystemSynchronizedRootGroup;
			exceptions = (
				B97C74BE2CB7F7410073AC17 /* Exceptions for "kolkalk Watch App" folder in "kolkalk Watch App" target */,
				B97C74B52CB7D38A0073AC17 /* Exceptions for "kolkalk Watch App" folder in "komplikationExtension" target */,
			);
			explicitFileTypes = {
				info.plist = text;
				"kolkalk Watch App.entitlements" = text;
			};
			path = "kolkalk Watch App";
			sourceTree = "<group>";
		};
		B98B3D7D2CAC176700EE7D92 /* kolkalk Watch AppTests */ = {
			isa = PBXFileSystemSynchronizedRootGroup;
			path = "kolkalk Watch AppTests";
			sourceTree = "<group>";
		};
		B98B3D872CAC176700EE7D92 /* kolkalk Watch AppUITests */ = {
			isa = PBXFileSystemSynchronizedRootGroup;
			path = "kolkalk Watch AppUITests";
			sourceTree = "<group>";
		};
		B9A84FA92CAEB6FB00DB4389 /* Shared */ = {
			isa = PBXFileSystemSynchronizedRootGroup;
			exceptions = (
				B9A84FAA2CAEB70200DB4389 /* Exceptions for "Shared" folder in "kolkalk Watch App" target */,
				B97C74B92CB7EA850073AC17 /* Exceptions for "Shared" folder in "komplikationExtension" target */,
			);
			path = Shared;
			sourceTree = "<group>";
		};
/* End PBXFileSystemSynchronizedRootGroup section */

/* Begin PBXFrameworksBuildPhase section */
		B97C74982CB7D26E0073AC17 /* Frameworks */ = {
			isa = PBXFrameworksBuildPhase;
			buildActionMask = 2147483647;
			files = (
				B97C749F2CB7D26E0073AC17 /* SwiftUI.framework in Frameworks */,
				B97C749D2CB7D26E0073AC17 /* WidgetKit.framework in Frameworks */,
			);
			runOnlyForDeploymentPostprocessing = 0;
		};
		B98B3D362CAC170200EE7D92 /* Frameworks */ = {
			isa = PBXFrameworksBuildPhase;
			buildActionMask = 2147483647;
			files = (
			);
			runOnlyForDeploymentPostprocessing = 0;
		};
		B98B3D472CAC170300EE7D92 /* Frameworks */ = {
			isa = PBXFrameworksBuildPhase;
			buildActionMask = 2147483647;
			files = (
			);
			runOnlyForDeploymentPostprocessing = 0;
		};
		B98B3D512CAC170300EE7D92 /* Frameworks */ = {
			isa = PBXFrameworksBuildPhase;
			buildActionMask = 2147483647;
			files = (
			);
			runOnlyForDeploymentPostprocessing = 0;
		};
		B98B3D682CAC176600EE7D92 /* Frameworks */ = {
			isa = PBXFrameworksBuildPhase;
			buildActionMask = 2147483647;
			files = (
			);
			runOnlyForDeploymentPostprocessing = 0;
		};
		B98B3D772CAC176700EE7D92 /* Frameworks */ = {
			isa = PBXFrameworksBuildPhase;
			buildActionMask = 2147483647;
			files = (
			);
			runOnlyForDeploymentPostprocessing = 0;
		};
		B98B3D812CAC176700EE7D92 /* Frameworks */ = {
			isa = PBXFrameworksBuildPhase;
			buildActionMask = 2147483647;
			files = (
				B97E03FF2CAC84D100450835 /* WatchConnectivity.framework in Frameworks */,
			);
			runOnlyForDeploymentPostprocessing = 0;
		};
/* End PBXFrameworksBuildPhase section */

/* Begin PBXGroup section */
		B97E03FD2CAC84D100450835 /* Frameworks */ = {
			isa = PBXGroup;
			children = (
				B97E03FE2CAC84D100450835 /* WatchConnectivity.framework */,
				B97C749C2CB7D26E0073AC17 /* WidgetKit.framework */,
				B97C749E2CB7D26E0073AC17 /* SwiftUI.framework */,
			);
			name = Frameworks;
			sourceTree = "<group>";
		};
		B98B3D302CAC170200EE7D92 = {
			isa = PBXGroup;
			children = (
				B9A84FA92CAEB6FB00DB4389 /* Shared */,
				B98B3D3B2CAC170200EE7D92 /* Kolkalk */,
				B98B3D4D2CAC170300EE7D92 /* KolkalkTests */,
				B98B3D572CAC170300EE7D92 /* KolkalkUITests */,
				B98B3D6C2CAC176600EE7D92 /* kolkalk Watch App */,
				B98B3D7D2CAC176700EE7D92 /* kolkalk Watch AppTests */,
				B98B3D872CAC176700EE7D92 /* kolkalk Watch AppUITests */,
				B97C74A02CB7D26E0073AC17 /* komplikation */,
				B97E03FD2CAC84D100450835 /* Frameworks */,
				B98B3D3A2CAC170200EE7D92 /* Products */,
				B97C74BD2CB7F2DB0073AC17 /* komplikationExtension.entitlements */,
			);
			sourceTree = "<group>";
		};
		B98B3D3A2CAC170200EE7D92 /* Products */ = {
			isa = PBXGroup;
			children = (
				B98B3D392CAC170200EE7D92 /* Kolkalk.app */,
				B98B3D4A2CAC170300EE7D92 /* KolkalkTests.xctest */,
				B98B3D542CAC170300EE7D92 /* KolkalkUITests.xctest */,
				B98B3D6B2CAC176600EE7D92 /* kolkalk Watch App.app */,
				B98B3D7A2CAC176700EE7D92 /* kolkalk Watch AppTests.xctest */,
				B98B3D842CAC176700EE7D92 /* kolkalk Watch AppUITests.xctest */,
				B97C749B2CB7D26E0073AC17 /* komplikationExtension.appex */,
			);
			name = Products;
			sourceTree = "<group>";
		};
/* End PBXGroup section */

/* Begin PBXNativeTarget section */
		B97C749A2CB7D26E0073AC17 /* komplikationExtension */ = {
			isa = PBXNativeTarget;
			buildConfigurationList = B97C74AB2CB7D26F0073AC17 /* Build configuration list for PBXNativeTarget "komplikationExtension" */;
			buildPhases = (
				B97C74972CB7D26E0073AC17 /* Sources */,
				B97C74982CB7D26E0073AC17 /* Frameworks */,
				B97C74992CB7D26E0073AC17 /* Resources */,
			);
			buildRules = (
			);
			dependencies = (
			);
			fileSystemSynchronizedGroups = (
				B97C74A02CB7D26E0073AC17 /* komplikation */,
			);
			name = komplikationExtension;
			packageProductDependencies = (
			);
			productName = komplikationExtension;
			productReference = B97C749B2CB7D26E0073AC17 /* komplikationExtension.appex */;
			productType = "com.apple.product-type.app-extension";
		};
		B98B3D382CAC170200EE7D92 /* Kolkalk */ = {
			isa = PBXNativeTarget;
			buildConfigurationList = B98B3D5E2CAC170300EE7D92 /* Build configuration list for PBXNativeTarget "Kolkalk" */;
			buildPhases = (
				B98B3D352CAC170200EE7D92 /* Sources */,
				B98B3D362CAC170200EE7D92 /* Frameworks */,
				B98B3D372CAC170200EE7D92 /* Resources */,
				B98B3D922CAC176700EE7D92 /* Embed Watch Content */,
			);
			buildRules = (
			);
			dependencies = (
				B98B3D8D2CAC176700EE7D92 /* PBXTargetDependency */,
			);
			fileSystemSynchronizedGroups = (
				B98B3D3B2CAC170200EE7D92 /* Kolkalk */,
				B9A84FA92CAEB6FB00DB4389 /* Shared */,
			);
			name = Kolkalk;
			packageProductDependencies = (
			);
			productName = Kolkalk;
			productReference = B98B3D392CAC170200EE7D92 /* Kolkalk.app */;
			productType = "com.apple.product-type.application";
		};
		B98B3D492CAC170300EE7D92 /* KolkalkTests */ = {
			isa = PBXNativeTarget;
			buildConfigurationList = B98B3D612CAC170300EE7D92 /* Build configuration list for PBXNativeTarget "KolkalkTests" */;
			buildPhases = (
				B98B3D462CAC170300EE7D92 /* Sources */,
				B98B3D472CAC170300EE7D92 /* Frameworks */,
				B98B3D482CAC170300EE7D92 /* Resources */,
			);
			buildRules = (
			);
			dependencies = (
				B98B3D4C2CAC170300EE7D92 /* PBXTargetDependency */,
			);
			fileSystemSynchronizedGroups = (
				B98B3D4D2CAC170300EE7D92 /* KolkalkTests */,
			);
			name = KolkalkTests;
			packageProductDependencies = (
			);
			productName = KolkalkTests;
			productReference = B98B3D4A2CAC170300EE7D92 /* KolkalkTests.xctest */;
			productType = "com.apple.product-type.bundle.unit-test";
		};
		B98B3D532CAC170300EE7D92 /* KolkalkUITests */ = {
			isa = PBXNativeTarget;
			buildConfigurationList = B98B3D642CAC170300EE7D92 /* Build configuration list for PBXNativeTarget "KolkalkUITests" */;
			buildPhases = (
				B98B3D502CAC170300EE7D92 /* Sources */,
				B98B3D512CAC170300EE7D92 /* Frameworks */,
				B98B3D522CAC170300EE7D92 /* Resources */,
			);
			buildRules = (
			);
			dependencies = (
				B98B3D562CAC170300EE7D92 /* PBXTargetDependency */,
			);
			fileSystemSynchronizedGroups = (
				B98B3D572CAC170300EE7D92 /* KolkalkUITests */,
			);
			name = KolkalkUITests;
			packageProductDependencies = (
			);
			productName = KolkalkUITests;
			productReference = B98B3D542CAC170300EE7D92 /* KolkalkUITests.xctest */;
			productType = "com.apple.product-type.bundle.ui-testing";
		};
		B98B3D6A2CAC176600EE7D92 /* kolkalk Watch App */ = {
			isa = PBXNativeTarget;
			buildConfigurationList = B98B3D8F2CAC176700EE7D92 /* Build configuration list for PBXNativeTarget "kolkalk Watch App" */;
			buildPhases = (
				B98B3D672CAC176600EE7D92 /* Sources */,
				B98B3D682CAC176600EE7D92 /* Frameworks */,
				B98B3D692CAC176600EE7D92 /* Resources */,
				B97C74AF2CB7D26F0073AC17 /* Embed Foundation Extensions */,
			);
			buildRules = (
			);
			dependencies = (
				B97C74A92CB7D26F0073AC17 /* PBXTargetDependency */,
			);
			fileSystemSynchronizedGroups = (
				B98B3D6C2CAC176600EE7D92 /* kolkalk Watch App */,
			);
			name = "kolkalk Watch App";
			packageProductDependencies = (
			);
			productName = "kolkalk Watch App";
			productReference = B98B3D6B2CAC176600EE7D92 /* kolkalk Watch App.app */;
			productType = "com.apple.product-type.application";
		};
		B98B3D792CAC176700EE7D92 /* kolkalk Watch AppTests */ = {
			isa = PBXNativeTarget;
			buildConfigurationList = B98B3D932CAC176700EE7D92 /* Build configuration list for PBXNativeTarget "kolkalk Watch AppTests" */;
			buildPhases = (
				B98B3D762CAC176700EE7D92 /* Sources */,
				B98B3D772CAC176700EE7D92 /* Frameworks */,
				B98B3D782CAC176700EE7D92 /* Resources */,
			);
			buildRules = (
			);
			dependencies = (
				B98B3D7C2CAC176700EE7D92 /* PBXTargetDependency */,
			);
			fileSystemSynchronizedGroups = (
				B98B3D7D2CAC176700EE7D92 /* kolkalk Watch AppTests */,
			);
			name = "kolkalk Watch AppTests";
			packageProductDependencies = (
			);
			productName = "kolkalk Watch AppTests";
			productReference = B98B3D7A2CAC176700EE7D92 /* kolkalk Watch AppTests.xctest */;
			productType = "com.apple.product-type.bundle.unit-test";
		};
		B98B3D832CAC176700EE7D92 /* kolkalk Watch AppUITests */ = {
			isa = PBXNativeTarget;
			buildConfigurationList = B98B3D962CAC176700EE7D92 /* Build configuration list for PBXNativeTarget "kolkalk Watch AppUITests" */;
			buildPhases = (
				B98B3D802CAC176700EE7D92 /* Sources */,
				B98B3D812CAC176700EE7D92 /* Frameworks */,
				B98B3D822CAC176700EE7D92 /* Resources */,
			);
			buildRules = (
			);
			dependencies = (
				B98B3D862CAC176700EE7D92 /* PBXTargetDependency */,
			);
			fileSystemSynchronizedGroups = (
				B98B3D872CAC176700EE7D92 /* kolkalk Watch AppUITests */,
			);
			name = "kolkalk Watch AppUITests";
			packageProductDependencies = (
			);
			productName = "kolkalk Watch AppUITests";
			productReference = B98B3D842CAC176700EE7D92 /* kolkalk Watch AppUITests.xctest */;
			productType = "com.apple.product-type.bundle.ui-testing";
		};
/* End PBXNativeTarget section */

/* Begin PBXProject section */
		B98B3D312CAC170200EE7D92 /* Project object */ = {
			isa = PBXProject;
			attributes = {
				BuildIndependentTargetsInParallel = 1;
				LastSwiftUpdateCheck = 1600;
				LastUpgradeCheck = 1600;
				TargetAttributes = {
					B97C749A2CB7D26E0073AC17 = {
						CreatedOnToolsVersion = 16.0;
					};
					B98B3D382CAC170200EE7D92 = {
						CreatedOnToolsVersion = 16.0;
					};
					B98B3D492CAC170300EE7D92 = {
						CreatedOnToolsVersion = 16.0;
						TestTargetID = B98B3D382CAC170200EE7D92;
					};
					B98B3D532CAC170300EE7D92 = {
						CreatedOnToolsVersion = 16.0;
						TestTargetID = B98B3D382CAC170200EE7D92;
					};
					B98B3D6A2CAC176600EE7D92 = {
						CreatedOnToolsVersion = 16.0;
					};
					B98B3D792CAC176700EE7D92 = {
						CreatedOnToolsVersion = 16.0;
						TestTargetID = B98B3D6A2CAC176600EE7D92;
					};
					B98B3D832CAC176700EE7D92 = {
						CreatedOnToolsVersion = 16.0;
						TestTargetID = B98B3D6A2CAC176600EE7D92;
					};
				};
			};
			buildConfigurationList = B98B3D342CAC170200EE7D92 /* Build configuration list for PBXProject "Kolkalk" */;
			developmentRegion = en;
			hasScannedForEncodings = 0;
			knownRegions = (
				en,
				Base,
			);
			mainGroup = B98B3D302CAC170200EE7D92;
			minimizedProjectReferenceProxies = 1;
			preferredProjectObjectVersion = 77;
			productRefGroup = B98B3D3A2CAC170200EE7D92 /* Products */;
			projectDirPath = "";
			projectRoot = "";
			targets = (
				B98B3D6A2CAC176600EE7D92 /* kolkalk Watch App */,
				B98B3D492CAC170300EE7D92 /* KolkalkTests */,
				B98B3D382CAC170200EE7D92 /* Kolkalk */,
				B98B3D532CAC170300EE7D92 /* KolkalkUITests */,
				B98B3D792CAC176700EE7D92 /* kolkalk Watch AppTests */,
				B98B3D832CAC176700EE7D92 /* kolkalk Watch AppUITests */,
				B97C749A2CB7D26E0073AC17 /* komplikationExtension */,
			);
		};
/* End PBXProject section */

/* Begin PBXResourcesBuildPhase section */
		B97C74992CB7D26E0073AC17 /* Resources */ = {
			isa = PBXResourcesBuildPhase;
			buildActionMask = 2147483647;
			files = (
			);
			runOnlyForDeploymentPostprocessing = 0;
		};
		B98B3D372CAC170200EE7D92 /* Resources */ = {
			isa = PBXResourcesBuildPhase;
			buildActionMask = 2147483647;
			files = (
			);
			runOnlyForDeploymentPostprocessing = 0;
		};
		B98B3D482CAC170300EE7D92 /* Resources */ = {
			isa = PBXResourcesBuildPhase;
			buildActionMask = 2147483647;
			files = (
			);
			runOnlyForDeploymentPostprocessing = 0;
		};
		B98B3D522CAC170300EE7D92 /* Resources */ = {
			isa = PBXResourcesBuildPhase;
			buildActionMask = 2147483647;
			files = (
			);
			runOnlyForDeploymentPostprocessing = 0;
		};
		B98B3D692CAC176600EE7D92 /* Resources */ = {
			isa = PBXResourcesBuildPhase;
			buildActionMask = 2147483647;
			files = (
			);
			runOnlyForDeploymentPostprocessing = 0;
		};
		B98B3D782CAC176700EE7D92 /* Resources */ = {
			isa = PBXResourcesBuildPhase;
			buildActionMask = 2147483647;
			files = (
			);
			runOnlyForDeploymentPostprocessing = 0;
		};
		B98B3D822CAC176700EE7D92 /* Resources */ = {
			isa = PBXResourcesBuildPhase;
			buildActionMask = 2147483647;
			files = (
			);
			runOnlyForDeploymentPostprocessing = 0;
		};
/* End PBXResourcesBuildPhase section */

/* Begin PBXSourcesBuildPhase section */
		B97C74972CB7D26E0073AC17 /* Sources */ = {
			isa = PBXSourcesBuildPhase;
			buildActionMask = 2147483647;
			files = (
			);
			runOnlyForDeploymentPostprocessing = 0;
		};
		B98B3D352CAC170200EE7D92 /* Sources */ = {
			isa = PBXSourcesBuildPhase;
			buildActionMask = 2147483647;
			files = (
			);
			runOnlyForDeploymentPostprocessing = 0;
		};
		B98B3D462CAC170300EE7D92 /* Sources */ = {
			isa = PBXSourcesBuildPhase;
			buildActionMask = 2147483647;
			files = (
			);
			runOnlyForDeploymentPostprocessing = 0;
		};
		B98B3D502CAC170300EE7D92 /* Sources */ = {
			isa = PBXSourcesBuildPhase;
			buildActionMask = 2147483647;
			files = (
			);
			runOnlyForDeploymentPostprocessing = 0;
		};
		B98B3D672CAC176600EE7D92 /* Sources */ = {
			isa = PBXSourcesBuildPhase;
			buildActionMask = 2147483647;
			files = (
			);
			runOnlyForDeploymentPostprocessing = 0;
		};
		B98B3D762CAC176700EE7D92 /* Sources */ = {
			isa = PBXSourcesBuildPhase;
			buildActionMask = 2147483647;
			files = (
			);
			runOnlyForDeploymentPostprocessing = 0;
		};
		B98B3D802CAC176700EE7D92 /* Sources */ = {
			isa = PBXSourcesBuildPhase;
			buildActionMask = 2147483647;
			files = (
			);
			runOnlyForDeploymentPostprocessing = 0;
		};
/* End PBXSourcesBuildPhase section */

/* Begin PBXTargetDependency section */
		B97C74A92CB7D26F0073AC17 /* PBXTargetDependency */ = {
			isa = PBXTargetDependency;
			target = B97C749A2CB7D26E0073AC17 /* komplikationExtension */;
			targetProxy = B97C74A82CB7D26F0073AC17 /* PBXContainerItemProxy */;
		};
		B98B3D4C2CAC170300EE7D92 /* PBXTargetDependency */ = {
			isa = PBXTargetDependency;
			target = B98B3D382CAC170200EE7D92 /* Kolkalk */;
			targetProxy = B98B3D4B2CAC170300EE7D92 /* PBXContainerItemProxy */;
		};
		B98B3D562CAC170300EE7D92 /* PBXTargetDependency */ = {
			isa = PBXTargetDependency;
			target = B98B3D382CAC170200EE7D92 /* Kolkalk */;
			targetProxy = B98B3D552CAC170300EE7D92 /* PBXContainerItemProxy */;
		};
		B98B3D7C2CAC176700EE7D92 /* PBXTargetDependency */ = {
			isa = PBXTargetDependency;
			target = B98B3D6A2CAC176600EE7D92 /* kolkalk Watch App */;
			targetProxy = B98B3D7B2CAC176700EE7D92 /* PBXContainerItemProxy */;
		};
		B98B3D862CAC176700EE7D92 /* PBXTargetDependency */ = {
			isa = PBXTargetDependency;
			target = B98B3D6A2CAC176600EE7D92 /* kolkalk Watch App */;
			targetProxy = B98B3D852CAC176700EE7D92 /* PBXContainerItemProxy */;
		};
		B98B3D8D2CAC176700EE7D92 /* PBXTargetDependency */ = {
			isa = PBXTargetDependency;
			target = B98B3D6A2CAC176600EE7D92 /* kolkalk Watch App */;
			targetProxy = B98B3D8C2CAC176700EE7D92 /* PBXContainerItemProxy */;
		};
/* End PBXTargetDependency section */

/* Begin XCBuildConfiguration section */
		B97C74AC2CB7D26F0073AC17 /* Debug */ = {
			isa = XCBuildConfiguration;
			buildSettings = {
				ASSETCATALOG_COMPILER_GLOBAL_ACCENT_COLOR_NAME = AccentColor;
				ASSETCATALOG_COMPILER_WIDGET_BACKGROUND_COLOR_NAME = WidgetBackground;
				CODE_SIGN_ENTITLEMENTS = komplikationExtension.entitlements;
				CODE_SIGN_STYLE = Automatic;
				CURRENT_PROJECT_VERSION = 1;
				DEVELOPMENT_TEAM = ZD2P3P8L7B;
				GENERATE_INFOPLIST_FILE = YES;
				INFOPLIST_FILE = komplikation/Info.plist;
				INFOPLIST_KEY_CFBundleDisplayName = komplikation;
				INFOPLIST_KEY_NSHumanReadableCopyright = "";
				LD_RUNPATH_SEARCH_PATHS = (
					"$(inherited)",
					"@executable_path/Frameworks",
					"@executable_path/../../Frameworks",
					"@executable_path/../../../../Frameworks",
				);
				MARKETING_VERSION = 1.0;
				PRODUCT_BUNDLE_IDENTIFIER = MG.Kolkalk.watchkitapp.komplikation;
				PRODUCT_NAME = "$(TARGET_NAME)";
				SDKROOT = watchos;
				SKIP_INSTALL = YES;
				SWIFT_EMIT_LOC_STRINGS = YES;
				SWIFT_VERSION = 5.0;
				TARGETED_DEVICE_FAMILY = 4;
				WATCHOS_DEPLOYMENT_TARGET = 11.0;
			};
			name = Debug;
		};
		B97C74AD2CB7D26F0073AC17 /* Release */ = {
			isa = XCBuildConfiguration;
			buildSettings = {
				ASSETCATALOG_COMPILER_GLOBAL_ACCENT_COLOR_NAME = AccentColor;
				ASSETCATALOG_COMPILER_WIDGET_BACKGROUND_COLOR_NAME = WidgetBackground;
				CODE_SIGN_ENTITLEMENTS = komplikationExtension.entitlements;
				CODE_SIGN_STYLE = Automatic;
				CURRENT_PROJECT_VERSION = 1;
				DEVELOPMENT_TEAM = ZD2P3P8L7B;
				GENERATE_INFOPLIST_FILE = YES;
				INFOPLIST_FILE = komplikation/Info.plist;
				INFOPLIST_KEY_CFBundleDisplayName = komplikation;
				INFOPLIST_KEY_NSHumanReadableCopyright = "";
				LD_RUNPATH_SEARCH_PATHS = (
					"$(inherited)",
					"@executable_path/Frameworks",
					"@executable_path/../../Frameworks",
					"@executable_path/../../../../Frameworks",
				);
				MARKETING_VERSION = 1.0;
				PRODUCT_BUNDLE_IDENTIFIER = MG.Kolkalk.watchkitapp.komplikation;
				PRODUCT_NAME = "$(TARGET_NAME)";
				SDKROOT = watchos;
				SKIP_INSTALL = YES;
				SWIFT_EMIT_LOC_STRINGS = YES;
				SWIFT_VERSION = 5.0;
				TARGETED_DEVICE_FAMILY = 4;
				VALIDATE_PRODUCT = YES;
				WATCHOS_DEPLOYMENT_TARGET = 11.0;
			};
			name = Release;
		};
		B98B3D5C2CAC170300EE7D92 /* Debug */ = {
			isa = XCBuildConfiguration;
			buildSettings = {
				ALWAYS_SEARCH_USER_PATHS = NO;
				ASSETCATALOG_COMPILER_GENERATE_SWIFT_ASSET_SYMBOL_EXTENSIONS = YES;
				CLANG_ANALYZER_NONNULL = YES;
				CLANG_ANALYZER_NUMBER_OBJECT_CONVERSION = YES_AGGRESSIVE;
				CLANG_CXX_LANGUAGE_STANDARD = "gnu++20";
				CLANG_ENABLE_MODULES = YES;
				CLANG_ENABLE_OBJC_ARC = YES;
				CLANG_ENABLE_OBJC_WEAK = YES;
				CLANG_WARN_BLOCK_CAPTURE_AUTORELEASING = YES;
				CLANG_WARN_BOOL_CONVERSION = YES;
				CLANG_WARN_COMMA = YES;
				CLANG_WARN_CONSTANT_CONVERSION = YES;
				CLANG_WARN_DEPRECATED_OBJC_IMPLEMENTATIONS = YES;
				CLANG_WARN_DIRECT_OBJC_ISA_USAGE = YES_ERROR;
				CLANG_WARN_DOCUMENTATION_COMMENTS = YES;
				CLANG_WARN_EMPTY_BODY = YES;
				CLANG_WARN_ENUM_CONVERSION = YES;
				CLANG_WARN_INFINITE_RECURSION = YES;
				CLANG_WARN_INT_CONVERSION = YES;
				CLANG_WARN_NON_LITERAL_NULL_CONVERSION = YES;
				CLANG_WARN_OBJC_IMPLICIT_RETAIN_SELF = YES;
				CLANG_WARN_OBJC_LITERAL_CONVERSION = YES;
				CLANG_WARN_OBJC_ROOT_CLASS = YES_ERROR;
				CLANG_WARN_QUOTED_INCLUDE_IN_FRAMEWORK_HEADER = YES;
				CLANG_WARN_RANGE_LOOP_ANALYSIS = YES;
				CLANG_WARN_STRICT_PROTOTYPES = YES;
				CLANG_WARN_SUSPICIOUS_MOVE = YES;
				CLANG_WARN_UNGUARDED_AVAILABILITY = YES_AGGRESSIVE;
				CLANG_WARN_UNREACHABLE_CODE = YES;
				CLANG_WARN__DUPLICATE_METHOD_MATCH = YES;
				COPY_PHASE_STRIP = NO;
				DEBUG_INFORMATION_FORMAT = dwarf;
				ENABLE_STRICT_OBJC_MSGSEND = YES;
				ENABLE_TESTABILITY = YES;
				ENABLE_USER_SCRIPT_SANDBOXING = YES;
				GCC_C_LANGUAGE_STANDARD = gnu17;
				GCC_DYNAMIC_NO_PIC = NO;
				GCC_NO_COMMON_BLOCKS = YES;
				GCC_OPTIMIZATION_LEVEL = 0;
				GCC_PREPROCESSOR_DEFINITIONS = (
					"DEBUG=1",
					"$(inherited)",
				);
				GCC_WARN_64_TO_32_BIT_CONVERSION = YES;
				GCC_WARN_ABOUT_RETURN_TYPE = YES_ERROR;
				GCC_WARN_UNDECLARED_SELECTOR = YES;
				GCC_WARN_UNINITIALIZED_AUTOS = YES_AGGRESSIVE;
				GCC_WARN_UNUSED_FUNCTION = YES;
				GCC_WARN_UNUSED_VARIABLE = YES;
				LOCALIZATION_PREFERS_STRING_CATALOGS = YES;
				MTL_ENABLE_DEBUG_INFO = INCLUDE_SOURCE;
				MTL_FAST_MATH = YES;
				ONLY_ACTIVE_ARCH = YES;
				SWIFT_ACTIVE_COMPILATION_CONDITIONS = "DEBUG $(inherited)";
				SWIFT_OPTIMIZATION_LEVEL = "-Onone";
			};
			name = Debug;
		};
		B98B3D5D2CAC170300EE7D92 /* Release */ = {
			isa = XCBuildConfiguration;
			buildSettings = {
				ALWAYS_SEARCH_USER_PATHS = NO;
				ASSETCATALOG_COMPILER_GENERATE_SWIFT_ASSET_SYMBOL_EXTENSIONS = YES;
				CLANG_ANALYZER_NONNULL = YES;
				CLANG_ANALYZER_NUMBER_OBJECT_CONVERSION = YES_AGGRESSIVE;
				CLANG_CXX_LANGUAGE_STANDARD = "gnu++20";
				CLANG_ENABLE_MODULES = YES;
				CLANG_ENABLE_OBJC_ARC = YES;
				CLANG_ENABLE_OBJC_WEAK = YES;
				CLANG_WARN_BLOCK_CAPTURE_AUTORELEASING = YES;
				CLANG_WARN_BOOL_CONVERSION = YES;
				CLANG_WARN_COMMA = YES;
				CLANG_WARN_CONSTANT_CONVERSION = YES;
				CLANG_WARN_DEPRECATED_OBJC_IMPLEMENTATIONS = YES;
				CLANG_WARN_DIRECT_OBJC_ISA_USAGE = YES_ERROR;
				CLANG_WARN_DOCUMENTATION_COMMENTS = YES;
				CLANG_WARN_EMPTY_BODY = YES;
				CLANG_WARN_ENUM_CONVERSION = YES;
				CLANG_WARN_INFINITE_RECURSION = YES;
				CLANG_WARN_INT_CONVERSION = YES;
				CLANG_WARN_NON_LITERAL_NULL_CONVERSION = YES;
				CLANG_WARN_OBJC_IMPLICIT_RETAIN_SELF = YES;
				CLANG_WARN_OBJC_LITERAL_CONVERSION = YES;
				CLANG_WARN_OBJC_ROOT_CLASS = YES_ERROR;
				CLANG_WARN_QUOTED_INCLUDE_IN_FRAMEWORK_HEADER = YES;
				CLANG_WARN_RANGE_LOOP_ANALYSIS = YES;
				CLANG_WARN_STRICT_PROTOTYPES = YES;
				CLANG_WARN_SUSPICIOUS_MOVE = YES;
				CLANG_WARN_UNGUARDED_AVAILABILITY = YES_AGGRESSIVE;
				CLANG_WARN_UNREACHABLE_CODE = YES;
				CLANG_WARN__DUPLICATE_METHOD_MATCH = YES;
				COPY_PHASE_STRIP = NO;
				DEBUG_INFORMATION_FORMAT = "dwarf-with-dsym";
				ENABLE_NS_ASSERTIONS = NO;
				ENABLE_STRICT_OBJC_MSGSEND = YES;
				ENABLE_USER_SCRIPT_SANDBOXING = YES;
				GCC_C_LANGUAGE_STANDARD = gnu17;
				GCC_NO_COMMON_BLOCKS = YES;
				GCC_WARN_64_TO_32_BIT_CONVERSION = YES;
				GCC_WARN_ABOUT_RETURN_TYPE = YES_ERROR;
				GCC_WARN_UNDECLARED_SELECTOR = YES;
				GCC_WARN_UNINITIALIZED_AUTOS = YES_AGGRESSIVE;
				GCC_WARN_UNUSED_FUNCTION = YES;
				GCC_WARN_UNUSED_VARIABLE = YES;
				LOCALIZATION_PREFERS_STRING_CATALOGS = YES;
				MTL_ENABLE_DEBUG_INFO = NO;
				MTL_FAST_MATH = YES;
				SWIFT_COMPILATION_MODE = wholemodule;
			};
			name = Release;
		};
		B98B3D5F2CAC170300EE7D92 /* Debug */ = {
			isa = XCBuildConfiguration;
			buildSettings = {
				ASSETCATALOG_COMPILER_APPICON_NAME = AppIcon;
				ASSETCATALOG_COMPILER_GLOBAL_ACCENT_COLOR_NAME = AccentColor;
				CODE_SIGN_ENTITLEMENTS = Kolkalk/Kolkalk.entitlements;
				CODE_SIGN_STYLE = Automatic;
				CURRENT_PROJECT_VERSION = 1;
				DEVELOPMENT_ASSET_PATHS = "\"Kolkalk/Preview Content\"";
				DEVELOPMENT_TEAM = ZD2P3P8L7B;
				ENABLE_HARDENED_RUNTIME = YES;
				ENABLE_PREVIEWS = YES;
				GENERATE_INFOPLIST_FILE = YES;
				"INFOPLIST_KEY_UIApplicationSceneManifest_Generation[sdk=iphoneos*]" = YES;
				"INFOPLIST_KEY_UIApplicationSceneManifest_Generation[sdk=iphonesimulator*]" = YES;
				"INFOPLIST_KEY_UIApplicationSupportsIndirectInputEvents[sdk=iphoneos*]" = YES;
				"INFOPLIST_KEY_UIApplicationSupportsIndirectInputEvents[sdk=iphonesimulator*]" = YES;
				"INFOPLIST_KEY_UILaunchScreen_Generation[sdk=iphoneos*]" = YES;
				"INFOPLIST_KEY_UILaunchScreen_Generation[sdk=iphonesimulator*]" = YES;
				"INFOPLIST_KEY_UIStatusBarStyle[sdk=iphoneos*]" = UIStatusBarStyleDefault;
				"INFOPLIST_KEY_UIStatusBarStyle[sdk=iphonesimulator*]" = UIStatusBarStyleDefault;
				INFOPLIST_KEY_UISupportedInterfaceOrientations_iPad = "UIInterfaceOrientationPortrait UIInterfaceOrientationPortraitUpsideDown UIInterfaceOrientationLandscapeLeft UIInterfaceOrientationLandscapeRight";
				INFOPLIST_KEY_UISupportedInterfaceOrientations_iPhone = "UIInterfaceOrientationPortrait UIInterfaceOrientationLandscapeLeft UIInterfaceOrientationLandscapeRight";
				IPHONEOS_DEPLOYMENT_TARGET = 18.0;
				LD_RUNPATH_SEARCH_PATHS = "@executable_path/Frameworks";
				"LD_RUNPATH_SEARCH_PATHS[sdk=macosx*]" = "@executable_path/../Frameworks";
				MACOSX_DEPLOYMENT_TARGET = 14.6;
				MARKETING_VERSION = 1.0;
				PRODUCT_BUNDLE_IDENTIFIER = MG.Kolkalk;
				PRODUCT_NAME = "$(TARGET_NAME)";
				SDKROOT = auto;
				SUPPORTED_PLATFORMS = "iphoneos iphonesimulator macosx xros xrsimulator";
				SWIFT_EMIT_LOC_STRINGS = YES;
				SWIFT_VERSION = 5.0;
				TARGETED_DEVICE_FAMILY = "1,2,7";
				XROS_DEPLOYMENT_TARGET = 2.0;
			};
			name = Debug;
		};
		B98B3D602CAC170300EE7D92 /* Release */ = {
			isa = XCBuildConfiguration;
			buildSettings = {
				ASSETCATALOG_COMPILER_APPICON_NAME = AppIcon;
				ASSETCATALOG_COMPILER_GLOBAL_ACCENT_COLOR_NAME = AccentColor;
				CODE_SIGN_ENTITLEMENTS = Kolkalk/Kolkalk.entitlements;
				CODE_SIGN_STYLE = Automatic;
				CURRENT_PROJECT_VERSION = 1;
				DEVELOPMENT_ASSET_PATHS = "\"Kolkalk/Preview Content\"";
				DEVELOPMENT_TEAM = ZD2P3P8L7B;
				ENABLE_HARDENED_RUNTIME = YES;
				ENABLE_PREVIEWS = YES;
				GENERATE_INFOPLIST_FILE = YES;
				"INFOPLIST_KEY_UIApplicationSceneManifest_Generation[sdk=iphoneos*]" = YES;
				"INFOPLIST_KEY_UIApplicationSceneManifest_Generation[sdk=iphonesimulator*]" = YES;
				"INFOPLIST_KEY_UIApplicationSupportsIndirectInputEvents[sdk=iphoneos*]" = YES;
				"INFOPLIST_KEY_UIApplicationSupportsIndirectInputEvents[sdk=iphonesimulator*]" = YES;
				"INFOPLIST_KEY_UILaunchScreen_Generation[sdk=iphoneos*]" = YES;
				"INFOPLIST_KEY_UILaunchScreen_Generation[sdk=iphonesimulator*]" = YES;
				"INFOPLIST_KEY_UIStatusBarStyle[sdk=iphoneos*]" = UIStatusBarStyleDefault;
				"INFOPLIST_KEY_UIStatusBarStyle[sdk=iphonesimulator*]" = UIStatusBarStyleDefault;
				INFOPLIST_KEY_UISupportedInterfaceOrientations_iPad = "UIInterfaceOrientationPortrait UIInterfaceOrientationPortraitUpsideDown UIInterfaceOrientationLandscapeLeft UIInterfaceOrientationLandscapeRight";
				INFOPLIST_KEY_UISupportedInterfaceOrientations_iPhone = "UIInterfaceOrientationPortrait UIInterfaceOrientationLandscapeLeft UIInterfaceOrientationLandscapeRight";
				IPHONEOS_DEPLOYMENT_TARGET = 18.0;
				LD_RUNPATH_SEARCH_PATHS = "@executable_path/Frameworks";
				"LD_RUNPATH_SEARCH_PATHS[sdk=macosx*]" = "@executable_path/../Frameworks";
				MACOSX_DEPLOYMENT_TARGET = 14.6;
				MARKETING_VERSION = 1.0;
				PRODUCT_BUNDLE_IDENTIFIER = MG.Kolkalk;
				PRODUCT_NAME = "$(TARGET_NAME)";
				SDKROOT = auto;
				SUPPORTED_PLATFORMS = "iphoneos iphonesimulator macosx xros xrsimulator";
				SWIFT_EMIT_LOC_STRINGS = YES;
				SWIFT_VERSION = 5.0;
				TARGETED_DEVICE_FAMILY = "1,2,7";
				XROS_DEPLOYMENT_TARGET = 2.0;
			};
			name = Release;
		};
		B98B3D622CAC170300EE7D92 /* Debug */ = {
			isa = XCBuildConfiguration;
			buildSettings = {
				BUNDLE_LOADER = "$(TEST_HOST)";
				CODE_SIGN_STYLE = Automatic;
				CURRENT_PROJECT_VERSION = 1;
				DEVELOPMENT_TEAM = ZD2P3P8L7B;
				GENERATE_INFOPLIST_FILE = YES;
				IPHONEOS_DEPLOYMENT_TARGET = 18.0;
				MACOSX_DEPLOYMENT_TARGET = 14.6;
				MARKETING_VERSION = 1.0;
				PRODUCT_BUNDLE_IDENTIFIER = MG.KolkalkTests;
				PRODUCT_NAME = "$(TARGET_NAME)";
				SDKROOT = auto;
				SUPPORTED_PLATFORMS = "iphoneos iphonesimulator macosx xros xrsimulator";
				SWIFT_EMIT_LOC_STRINGS = NO;
				SWIFT_VERSION = 5.0;
				TARGETED_DEVICE_FAMILY = "1,2,7";
				TEST_HOST = "$(BUILT_PRODUCTS_DIR)/Kolkalk.app/$(BUNDLE_EXECUTABLE_FOLDER_PATH)/Kolkalk";
				XROS_DEPLOYMENT_TARGET = 2.0;
			};
			name = Debug;
		};
		B98B3D632CAC170300EE7D92 /* Release */ = {
			isa = XCBuildConfiguration;
			buildSettings = {
				BUNDLE_LOADER = "$(TEST_HOST)";
				CODE_SIGN_STYLE = Automatic;
				CURRENT_PROJECT_VERSION = 1;
				DEVELOPMENT_TEAM = ZD2P3P8L7B;
				GENERATE_INFOPLIST_FILE = YES;
				IPHONEOS_DEPLOYMENT_TARGET = 18.0;
				MACOSX_DEPLOYMENT_TARGET = 14.6;
				MARKETING_VERSION = 1.0;
				PRODUCT_BUNDLE_IDENTIFIER = MG.KolkalkTests;
				PRODUCT_NAME = "$(TARGET_NAME)";
				SDKROOT = auto;
				SUPPORTED_PLATFORMS = "iphoneos iphonesimulator macosx xros xrsimulator";
				SWIFT_EMIT_LOC_STRINGS = NO;
				SWIFT_VERSION = 5.0;
				TARGETED_DEVICE_FAMILY = "1,2,7";
				TEST_HOST = "$(BUILT_PRODUCTS_DIR)/Kolkalk.app/$(BUNDLE_EXECUTABLE_FOLDER_PATH)/Kolkalk";
				XROS_DEPLOYMENT_TARGET = 2.0;
			};
			name = Release;
		};
		B98B3D652CAC170300EE7D92 /* Debug */ = {
			isa = XCBuildConfiguration;
			buildSettings = {
				CODE_SIGN_STYLE = Automatic;
				CURRENT_PROJECT_VERSION = 1;
				DEVELOPMENT_TEAM = ZD2P3P8L7B;
				GENERATE_INFOPLIST_FILE = YES;
				IPHONEOS_DEPLOYMENT_TARGET = 18.0;
				MACOSX_DEPLOYMENT_TARGET = 14.6;
				MARKETING_VERSION = 1.0;
				PRODUCT_BUNDLE_IDENTIFIER = MG.KolkalkUITests;
				PRODUCT_NAME = "$(TARGET_NAME)";
				SDKROOT = auto;
				SUPPORTED_PLATFORMS = "iphoneos iphonesimulator macosx xros xrsimulator";
				SWIFT_EMIT_LOC_STRINGS = NO;
				SWIFT_VERSION = 5.0;
				TARGETED_DEVICE_FAMILY = "1,2,7";
				TEST_TARGET_NAME = Kolkalk;
				XROS_DEPLOYMENT_TARGET = 2.0;
			};
			name = Debug;
		};
		B98B3D662CAC170300EE7D92 /* Release */ = {
			isa = XCBuildConfiguration;
			buildSettings = {
				CODE_SIGN_STYLE = Automatic;
				CURRENT_PROJECT_VERSION = 1;
				DEVELOPMENT_TEAM = ZD2P3P8L7B;
				GENERATE_INFOPLIST_FILE = YES;
				IPHONEOS_DEPLOYMENT_TARGET = 18.0;
				MACOSX_DEPLOYMENT_TARGET = 14.6;
				MARKETING_VERSION = 1.0;
				PRODUCT_BUNDLE_IDENTIFIER = MG.KolkalkUITests;
				PRODUCT_NAME = "$(TARGET_NAME)";
				SDKROOT = auto;
				SUPPORTED_PLATFORMS = "iphoneos iphonesimulator macosx xros xrsimulator";
				SWIFT_EMIT_LOC_STRINGS = NO;
				SWIFT_VERSION = 5.0;
				TARGETED_DEVICE_FAMILY = "1,2,7";
				TEST_TARGET_NAME = Kolkalk;
				XROS_DEPLOYMENT_TARGET = 2.0;
			};
			name = Release;
		};
		B98B3D902CAC176700EE7D92 /* Debug */ = {
			isa = XCBuildConfiguration;
			buildSettings = {
				ASSETCATALOG_COMPILER_APPICON_NAME = AppIcon;
				ASSETCATALOG_COMPILER_GLOBAL_ACCENT_COLOR_NAME = AccentColor;
				ASSETCATALOG_COMPILER_INCLUDE_ALL_APPICON_ASSETS = YES;
				CODE_SIGN_ENTITLEMENTS = "kolkalk Watch App/kolkalk Watch App.entitlements";
				CODE_SIGN_STYLE = Automatic;
				CURRENT_PROJECT_VERSION = 1;
				DEVELOPMENT_ASSET_PATHS = "\"kolkalk Watch App/Preview Content\"";
				DEVELOPMENT_TEAM = ZD2P3P8L7B;
				ENABLE_PREVIEWS = YES;
				GENERATE_INFOPLIST_FILE = YES;
				INFOPLIST_KEY_CFBundleDisplayName = kolkalk;
				INFOPLIST_KEY_UISupportedInterfaceOrientations = "UIInterfaceOrientationPortrait UIInterfaceOrientationPortraitUpsideDown";
				INFOPLIST_KEY_WKCompanionAppBundleIdentifier = MG.Kolkalk;
				INFOPLIST_KEY_WKRunsIndependentlyOfCompanionApp = YES;
				LD_RUNPATH_SEARCH_PATHS = (
					"$(inherited)",
					"@executable_path/Frameworks",
				);
				MARKETING_VERSION = 1.0;
				PRODUCT_BUNDLE_IDENTIFIER = MG.Kolkalk.watchkitapp;
				PRODUCT_NAME = "$(TARGET_NAME)";
				SDKROOT = watchos;
				SKIP_INSTALL = YES;
				SWIFT_EMIT_LOC_STRINGS = YES;
				SWIFT_VERSION = 5.0;
				TARGETED_DEVICE_FAMILY = 4;
				WATCHOS_DEPLOYMENT_TARGET = 11.0;
			};
			name = Debug;
		};
		B98B3D912CAC176700EE7D92 /* Release */ = {
			isa = XCBuildConfiguration;
			buildSettings = {
				ASSETCATALOG_COMPILER_APPICON_NAME = AppIcon;
				ASSETCATALOG_COMPILER_GLOBAL_ACCENT_COLOR_NAME = AccentColor;
				ASSETCATALOG_COMPILER_INCLUDE_ALL_APPICON_ASSETS = YES;
				CODE_SIGN_ENTITLEMENTS = "kolkalk Watch App/kolkalk Watch App.entitlements";
				CODE_SIGN_STYLE = Automatic;
				CURRENT_PROJECT_VERSION = 1;
				DEVELOPMENT_ASSET_PATHS = "\"kolkalk Watch App/Preview Content\"";
				DEVELOPMENT_TEAM = ZD2P3P8L7B;
				ENABLE_PREVIEWS = YES;
				GENERATE_INFOPLIST_FILE = YES;
				INFOPLIST_KEY_CFBundleDisplayName = kolkalk;
				INFOPLIST_KEY_UISupportedInterfaceOrientations = "UIInterfaceOrientationPortrait UIInterfaceOrientationPortraitUpsideDown";
				INFOPLIST_KEY_WKCompanionAppBundleIdentifier = MG.Kolkalk;
				INFOPLIST_KEY_WKRunsIndependentlyOfCompanionApp = YES;
				LD_RUNPATH_SEARCH_PATHS = (
					"$(inherited)",
					"@executable_path/Frameworks",
				);
				MARKETING_VERSION = 1.0;
				PRODUCT_BUNDLE_IDENTIFIER = MG.Kolkalk.watchkitapp;
				PRODUCT_NAME = "$(TARGET_NAME)";
				SDKROOT = watchos;
				SKIP_INSTALL = YES;
				SWIFT_EMIT_LOC_STRINGS = YES;
				SWIFT_VERSION = 5.0;
				TARGETED_DEVICE_FAMILY = 4;
				VALIDATE_PRODUCT = YES;
				WATCHOS_DEPLOYMENT_TARGET = 11.0;
			};
			name = Release;
		};
		B98B3D942CAC176700EE7D92 /* Debug */ = {
			isa = XCBuildConfiguration;
			buildSettings = {
				BUNDLE_LOADER = "$(TEST_HOST)";
				CODE_SIGN_STYLE = Automatic;
				CURRENT_PROJECT_VERSION = 1;
				DEVELOPMENT_TEAM = ZD2P3P8L7B;
				GENERATE_INFOPLIST_FILE = YES;
				MARKETING_VERSION = 1.0;
				PRODUCT_BUNDLE_IDENTIFIER = "MG.kolkalk-Watch-AppTests";
				PRODUCT_NAME = "$(TARGET_NAME)";
				SDKROOT = watchos;
				SWIFT_EMIT_LOC_STRINGS = NO;
				SWIFT_VERSION = 5.0;
				TARGETED_DEVICE_FAMILY = 4;
				TEST_HOST = "$(BUILT_PRODUCTS_DIR)/kolkalk Watch App.app/$(BUNDLE_EXECUTABLE_FOLDER_PATH)/kolkalk Watch App";
				WATCHOS_DEPLOYMENT_TARGET = 11.0;
			};
			name = Debug;
		};
		B98B3D952CAC176700EE7D92 /* Release */ = {
			isa = XCBuildConfiguration;
			buildSettings = {
				BUNDLE_LOADER = "$(TEST_HOST)";
				CODE_SIGN_STYLE = Automatic;
				CURRENT_PROJECT_VERSION = 1;
				DEVELOPMENT_TEAM = ZD2P3P8L7B;
				GENERATE_INFOPLIST_FILE = YES;
				MARKETING_VERSION = 1.0;
				PRODUCT_BUNDLE_IDENTIFIER = "MG.kolkalk-Watch-AppTests";
				PRODUCT_NAME = "$(TARGET_NAME)";
				SDKROOT = watchos;
				SWIFT_EMIT_LOC_STRINGS = NO;
				SWIFT_VERSION = 5.0;
				TARGETED_DEVICE_FAMILY = 4;
				TEST_HOST = "$(BUILT_PRODUCTS_DIR)/kolkalk Watch App.app/$(BUNDLE_EXECUTABLE_FOLDER_PATH)/kolkalk Watch App";
				VALIDATE_PRODUCT = YES;
				WATCHOS_DEPLOYMENT_TARGET = 11.0;
			};
			name = Release;
		};
		B98B3D972CAC176700EE7D92 /* Debug */ = {
			isa = XCBuildConfiguration;
			buildSettings = {
				CODE_SIGN_STYLE = Automatic;
				CURRENT_PROJECT_VERSION = 1;
				DEVELOPMENT_TEAM = ZD2P3P8L7B;
				GENERATE_INFOPLIST_FILE = YES;
				MARKETING_VERSION = 1.0;
				PRODUCT_BUNDLE_IDENTIFIER = "MG.kolkalk-Watch-AppUITests";
				PRODUCT_NAME = "$(TARGET_NAME)";
				SDKROOT = watchos;
				SWIFT_EMIT_LOC_STRINGS = NO;
				SWIFT_VERSION = 5.0;
				TARGETED_DEVICE_FAMILY = 4;
				TEST_TARGET_NAME = "kolkalk Watch App";
				WATCHOS_DEPLOYMENT_TARGET = 11.0;
			};
			name = Debug;
		};
		B98B3D982CAC176700EE7D92 /* Release */ = {
			isa = XCBuildConfiguration;
			buildSettings = {
				CODE_SIGN_STYLE = Automatic;
				CURRENT_PROJECT_VERSION = 1;
				DEVELOPMENT_TEAM = ZD2P3P8L7B;
				GENERATE_INFOPLIST_FILE = YES;
				MARKETING_VERSION = 1.0;
				PRODUCT_BUNDLE_IDENTIFIER = "MG.kolkalk-Watch-AppUITests";
				PRODUCT_NAME = "$(TARGET_NAME)";
				SDKROOT = watchos;
				SWIFT_EMIT_LOC_STRINGS = NO;
				SWIFT_VERSION = 5.0;
				TARGETED_DEVICE_FAMILY = 4;
				TEST_TARGET_NAME = "kolkalk Watch App";
				VALIDATE_PRODUCT = YES;
				WATCHOS_DEPLOYMENT_TARGET = 11.0;
			};
			name = Release;
		};
/* End XCBuildConfiguration section */

/* Begin XCConfigurationList section */
		B97C74AB2CB7D26F0073AC17 /* Build configuration list for PBXNativeTarget "komplikationExtension" */ = {
			isa = XCConfigurationList;
			buildConfigurations = (
				B97C74AC2CB7D26F0073AC17 /* Debug */,
				B97C74AD2CB7D26F0073AC17 /* Release */,
			);
			defaultConfigurationIsVisible = 0;
			defaultConfigurationName = Release;
		};
		B98B3D342CAC170200EE7D92 /* Build configuration list for PBXProject "Kolkalk" */ = {
			isa = XCConfigurationList;
			buildConfigurations = (
				B98B3D5C2CAC170300EE7D92 /* Debug */,
				B98B3D5D2CAC170300EE7D92 /* Release */,
			);
			defaultConfigurationIsVisible = 0;
			defaultConfigurationName = Release;
		};
		B98B3D5E2CAC170300EE7D92 /* Build configuration list for PBXNativeTarget "Kolkalk" */ = {
			isa = XCConfigurationList;
			buildConfigurations = (
				B98B3D5F2CAC170300EE7D92 /* Debug */,
				B98B3D602CAC170300EE7D92 /* Release */,
			);
			defaultConfigurationIsVisible = 0;
			defaultConfigurationName = Release;
		};
		B98B3D612CAC170300EE7D92 /* Build configuration list for PBXNativeTarget "KolkalkTests" */ = {
			isa = XCConfigurationList;
			buildConfigurations = (
				B98B3D622CAC170300EE7D92 /* Debug */,
				B98B3D632CAC170300EE7D92 /* Release */,
			);
			defaultConfigurationIsVisible = 0;
			defaultConfigurationName = Release;
		};
		B98B3D642CAC170300EE7D92 /* Build configuration list for PBXNativeTarget "KolkalkUITests" */ = {
			isa = XCConfigurationList;
			buildConfigurations = (
				B98B3D652CAC170300EE7D92 /* Debug */,
				B98B3D662CAC170300EE7D92 /* Release */,
			);
			defaultConfigurationIsVisible = 0;
			defaultConfigurationName = Release;
		};
		B98B3D8F2CAC176700EE7D92 /* Build configuration list for PBXNativeTarget "kolkalk Watch App" */ = {
			isa = XCConfigurationList;
			buildConfigurations = (
				B98B3D902CAC176700EE7D92 /* Debug */,
				B98B3D912CAC176700EE7D92 /* Release */,
			);
			defaultConfigurationIsVisible = 0;
			defaultConfigurationName = Release;
		};
		B98B3D932CAC176700EE7D92 /* Build configuration list for PBXNativeTarget "kolkalk Watch AppTests" */ = {
			isa = XCConfigurationList;
			buildConfigurations = (
				B98B3D942CAC176700EE7D92 /* Debug */,
				B98B3D952CAC176700EE7D92 /* Release */,
			);
			defaultConfigurationIsVisible = 0;
			defaultConfigurationName = Release;
		};
		B98B3D962CAC176700EE7D92 /* Build configuration list for PBXNativeTarget "kolkalk Watch AppUITests" */ = {
			isa = XCConfigurationList;
			buildConfigurations = (
				B98B3D972CAC176700EE7D92 /* Debug */,
				B98B3D982CAC176700EE7D92 /* Release */,
			);
			defaultConfigurationIsVisible = 0;
			defaultConfigurationName = Release;
		};
/* End XCConfigurationList section */
	};
	rootObject = B98B3D312CAC170200EE7D92 /* Project object */;
}
